// !$*UTF8*$!
{
	archiveVersion = 1;
	classes = {
	};
	objectVersion = 46;
	objects = {

/* Begin PBXBuildFile section */
		3F959DC2A77D48CD9C01830D /* Pods_Hitchhikers.framework in Frameworks */ = {isa = PBXBuildFile; fileRef = 1892EB6D4B294B6253EBBFDD /* Pods_Hitchhikers.framework */; };
		7755C0185E6452AFD2C8710A /* Pods_HitchhikersTests.framework in Frameworks */ = {isa = PBXBuildFile; fileRef = 469962EC67B5D23BCE188CD4 /* Pods_HitchhikersTests.framework */; };
		B92989F01E8DCA9800CF8287 /* AppDelegate.swift in Sources */ = {isa = PBXBuildFile; fileRef = B92989EF1E8DCA9800CF8287 /* AppDelegate.swift */; };
		B92989F21E8DCA9800CF8287 /* ViewController.swift in Sources */ = {isa = PBXBuildFile; fileRef = B92989F11E8DCA9800CF8287 /* ViewController.swift */; };
		B92989F51E8DCA9800CF8287 /* Main.storyboard in Resources */ = {isa = PBXBuildFile; fileRef = B92989F31E8DCA9800CF8287 /* Main.storyboard */; };
		B92989F81E8DCA9800CF8287 /* Hitchhikers.xcdatamodeld in Sources */ = {isa = PBXBuildFile; fileRef = B92989F61E8DCA9800CF8287 /* Hitchhikers.xcdatamodeld */; };
		B92989FA1E8DCA9800CF8287 /* Assets.xcassets in Resources */ = {isa = PBXBuildFile; fileRef = B92989F91E8DCA9800CF8287 /* Assets.xcassets */; };
		B92989FD1E8DCA9800CF8287 /* LaunchScreen.storyboard in Resources */ = {isa = PBXBuildFile; fileRef = B92989FB1E8DCA9800CF8287 /* LaunchScreen.storyboard */; };
		B9298A081E8DCA9900CF8287 /* HitchhikersTests.swift in Sources */ = {isa = PBXBuildFile; fileRef = B9298A071E8DCA9900CF8287 /* HitchhikersTests.swift */; };
		B9298A131E8DCA9900CF8287 /* HitchhikersUITests.swift in Sources */ = {isa = PBXBuildFile; fileRef = B9298A121E8DCA9900CF8287 /* HitchhikersUITests.swift */; };
		C0811622FEB689CEC8F6A796 /* Pods_HitchhikersUITests.framework in Frameworks */ = {isa = PBXBuildFile; fileRef = 95EECFE92C501098AAB66E61 /* Pods_HitchhikersUITests.framework */; };
/* End PBXBuildFile section */

/* Begin PBXContainerItemProxy section */
		B9298A041E8DCA9900CF8287 /* PBXContainerItemProxy */ = {
			isa = PBXContainerItemProxy;
			containerPortal = B92989E41E8DCA9800CF8287 /* Project object */;
			proxyType = 1;
			remoteGlobalIDString = B92989EB1E8DCA9800CF8287;
			remoteInfo = Hitchhikers;
		};
		B9298A0F1E8DCA9900CF8287 /* PBXContainerItemProxy */ = {
			isa = PBXContainerItemProxy;
			containerPortal = B92989E41E8DCA9800CF8287 /* Project object */;
			proxyType = 1;
			remoteGlobalIDString = B92989EB1E8DCA9800CF8287;
			remoteInfo = Hitchhikers;
		};
/* End PBXContainerItemProxy section */

/* Begin PBXFileReference section */
		0B20C2CE7461E8A91A41C4D4 /* Pods-HitchhikersTests.release.xcconfig */ = {isa = PBXFileReference; includeInIndex = 1; lastKnownFileType = text.xcconfig; name = "Pods-HitchhikersTests.release.xcconfig"; path = "Pods/Target Support Files/Pods-HitchhikersTests/Pods-HitchhikersTests.release.xcconfig"; sourceTree = "<group>"; };
		1892EB6D4B294B6253EBBFDD /* Pods_Hitchhikers.framework */ = {isa = PBXFileReference; explicitFileType = wrapper.framework; includeInIndex = 0; path = Pods_Hitchhikers.framework; sourceTree = BUILT_PRODUCTS_DIR; };
		30EABE6987A56A6969E73E96 /* Pods-Hitchhikers.debug.xcconfig */ = {isa = PBXFileReference; includeInIndex = 1; lastKnownFileType = text.xcconfig; name = "Pods-Hitchhikers.debug.xcconfig"; path = "Pods/Target Support Files/Pods-Hitchhikers/Pods-Hitchhikers.debug.xcconfig"; sourceTree = "<group>"; };
		469962EC67B5D23BCE188CD4 /* Pods_HitchhikersTests.framework */ = {isa = PBXFileReference; explicitFileType = wrapper.framework; includeInIndex = 0; path = Pods_HitchhikersTests.framework; sourceTree = BUILT_PRODUCTS_DIR; };
		7DC22BC6AC1F3DFAF594E519 /* Pods-HitchhikersUITests.release.xcconfig */ = {isa = PBXFileReference; includeInIndex = 1; lastKnownFileType = text.xcconfig; name = "Pods-HitchhikersUITests.release.xcconfig"; path = "Pods/Target Support Files/Pods-HitchhikersUITests/Pods-HitchhikersUITests.release.xcconfig"; sourceTree = "<group>"; };
		87317CEC1E2AD2F8D06FA52F /* Pods-HitchhikersTests.debug.xcconfig */ = {isa = PBXFileReference; includeInIndex = 1; lastKnownFileType = text.xcconfig; name = "Pods-HitchhikersTests.debug.xcconfig"; path = "Pods/Target Support Files/Pods-HitchhikersTests/Pods-HitchhikersTests.debug.xcconfig"; sourceTree = "<group>"; };
		92C0871AD102DBC05FE09FFE /* Pods-Hitchhikers.release.xcconfig */ = {isa = PBXFileReference; includeInIndex = 1; lastKnownFileType = text.xcconfig; name = "Pods-Hitchhikers.release.xcconfig"; path = "Pods/Target Support Files/Pods-Hitchhikers/Pods-Hitchhikers.release.xcconfig"; sourceTree = "<group>"; };
		95EECFE92C501098AAB66E61 /* Pods_HitchhikersUITests.framework */ = {isa = PBXFileReference; explicitFileType = wrapper.framework; includeInIndex = 0; path = Pods_HitchhikersUITests.framework; sourceTree = BUILT_PRODUCTS_DIR; };
		B92989EC1E8DCA9800CF8287 /* Hitchhikers.app */ = {isa = PBXFileReference; explicitFileType = wrapper.application; includeInIndex = 0; path = Hitchhikers.app; sourceTree = BUILT_PRODUCTS_DIR; };
		B92989EF1E8DCA9800CF8287 /* AppDelegate.swift */ = {isa = PBXFileReference; lastKnownFileType = sourcecode.swift; path = AppDelegate.swift; sourceTree = "<group>"; };
		B92989F11E8DCA9800CF8287 /* ViewController.swift */ = {isa = PBXFileReference; lastKnownFileType = sourcecode.swift; path = ViewController.swift; sourceTree = "<group>"; };
		B92989F41E8DCA9800CF8287 /* Base */ = {isa = PBXFileReference; lastKnownFileType = file.storyboard; name = Base; path = Base.lproj/Main.storyboard; sourceTree = "<group>"; };
		B92989F71E8DCA9800CF8287 /* Hitchhikers.xcdatamodel */ = {isa = PBXFileReference; lastKnownFileType = wrapper.xcdatamodel; path = Hitchhikers.xcdatamodel; sourceTree = "<group>"; };
		B92989F91E8DCA9800CF8287 /* Assets.xcassets */ = {isa = PBXFileReference; lastKnownFileType = folder.assetcatalog; path = Assets.xcassets; sourceTree = "<group>"; };
		B92989FC1E8DCA9800CF8287 /* Base */ = {isa = PBXFileReference; lastKnownFileType = file.storyboard; name = Base; path = Base.lproj/LaunchScreen.storyboard; sourceTree = "<group>"; };
		B92989FE1E8DCA9800CF8287 /* Info.plist */ = {isa = PBXFileReference; lastKnownFileType = text.plist.xml; path = Info.plist; sourceTree = "<group>"; };
		B9298A031E8DCA9900CF8287 /* HitchhikersTests.xctest */ = {isa = PBXFileReference; explicitFileType = wrapper.cfbundle; includeInIndex = 0; path = HitchhikersTests.xctest; sourceTree = BUILT_PRODUCTS_DIR; };
		B9298A071E8DCA9900CF8287 /* HitchhikersTests.swift */ = {isa = PBXFileReference; lastKnownFileType = sourcecode.swift; path = HitchhikersTests.swift; sourceTree = "<group>"; };
		B9298A091E8DCA9900CF8287 /* Info.plist */ = {isa = PBXFileReference; lastKnownFileType = text.plist.xml; path = Info.plist; sourceTree = "<group>"; };
		B9298A0E1E8DCA9900CF8287 /* HitchhikersUITests.xctest */ = {isa = PBXFileReference; explicitFileType = wrapper.cfbundle; includeInIndex = 0; path = HitchhikersUITests.xctest; sourceTree = BUILT_PRODUCTS_DIR; };
		B9298A121E8DCA9900CF8287 /* HitchhikersUITests.swift */ = {isa = PBXFileReference; lastKnownFileType = sourcecode.swift; path = HitchhikersUITests.swift; sourceTree = "<group>"; };
		B9298A141E8DCA9900CF8287 /* Info.plist */ = {isa = PBXFileReference; lastKnownFileType = text.plist.xml; path = Info.plist; sourceTree = "<group>"; };
		BED6C55008737DF9FE444FFA /* Pods-HitchhikersUITests.debug.xcconfig */ = {isa = PBXFileReference; includeInIndex = 1; lastKnownFileType = text.xcconfig; name = "Pods-HitchhikersUITests.debug.xcconfig"; path = "Pods/Target Support Files/Pods-HitchhikersUITests/Pods-HitchhikersUITests.debug.xcconfig"; sourceTree = "<group>"; };
/* End PBXFileReference section */

/* Begin PBXFrameworksBuildPhase section */
		B92989E91E8DCA9800CF8287 /* Frameworks */ = {
			isa = PBXFrameworksBuildPhase;
			buildActionMask = 2147483647;
			files = (
				3F959DC2A77D48CD9C01830D /* Pods_Hitchhikers.framework in Frameworks */,
			);
			runOnlyForDeploymentPostprocessing = 0;
		};
		B9298A001E8DCA9900CF8287 /* Frameworks */ = {
			isa = PBXFrameworksBuildPhase;
			buildActionMask = 2147483647;
			files = (
				7755C0185E6452AFD2C8710A /* Pods_HitchhikersTests.framework in Frameworks */,
			);
			runOnlyForDeploymentPostprocessing = 0;
		};
		B9298A0B1E8DCA9900CF8287 /* Frameworks */ = {
			isa = PBXFrameworksBuildPhase;
			buildActionMask = 2147483647;
			files = (
				C0811622FEB689CEC8F6A796 /* Pods_HitchhikersUITests.framework in Frameworks */,
			);
			runOnlyForDeploymentPostprocessing = 0;
		};
/* End PBXFrameworksBuildPhase section */

/* Begin PBXGroup section */
		40EF58BBFE7746318610E656 /* Frameworks */ = {
			isa = PBXGroup;
			children = (
				1892EB6D4B294B6253EBBFDD /* Pods_Hitchhikers.framework */,
				469962EC67B5D23BCE188CD4 /* Pods_HitchhikersTests.framework */,
				95EECFE92C501098AAB66E61 /* Pods_HitchhikersUITests.framework */,
			);
			name = Frameworks;
			sourceTree = "<group>";
		};
		50686AA10A46B5CD747C4353 /* Pods */ = {
			isa = PBXGroup;
			children = (
				30EABE6987A56A6969E73E96 /* Pods-Hitchhikers.debug.xcconfig */,
				92C0871AD102DBC05FE09FFE /* Pods-Hitchhikers.release.xcconfig */,
				87317CEC1E2AD2F8D06FA52F /* Pods-HitchhikersTests.debug.xcconfig */,
				0B20C2CE7461E8A91A41C4D4 /* Pods-HitchhikersTests.release.xcconfig */,
				BED6C55008737DF9FE444FFA /* Pods-HitchhikersUITests.debug.xcconfig */,
				7DC22BC6AC1F3DFAF594E519 /* Pods-HitchhikersUITests.release.xcconfig */,
			);
			name = Pods;
			sourceTree = "<group>";
		};
		B92989E31E8DCA9800CF8287 = {
			isa = PBXGroup;
			children = (
				B92989EE1E8DCA9800CF8287 /* Hitchhikers */,
				B9298A061E8DCA9900CF8287 /* HitchhikersTests */,
				B9298A111E8DCA9900CF8287 /* HitchhikersUITests */,
				B92989ED1E8DCA9800CF8287 /* Products */,
				50686AA10A46B5CD747C4353 /* Pods */,
				40EF58BBFE7746318610E656 /* Frameworks */,
			);
			sourceTree = "<group>";
		};
		B92989ED1E8DCA9800CF8287 /* Products */ = {
			isa = PBXGroup;
			children = (
				B92989EC1E8DCA9800CF8287 /* Hitchhikers.app */,
				B9298A031E8DCA9900CF8287 /* HitchhikersTests.xctest */,
				B9298A0E1E8DCA9900CF8287 /* HitchhikersUITests.xctest */,
			);
			name = Products;
			sourceTree = "<group>";
		};
		B92989EE1E8DCA9800CF8287 /* Hitchhikers */ = {
			isa = PBXGroup;
			children = (
				B92989EF1E8DCA9800CF8287 /* AppDelegate.swift */,
				B92989F11E8DCA9800CF8287 /* ViewController.swift */,
				B92989F31E8DCA9800CF8287 /* Main.storyboard */,
				B92989F91E8DCA9800CF8287 /* Assets.xcassets */,
				B92989FB1E8DCA9800CF8287 /* LaunchScreen.storyboard */,
				B92989FE1E8DCA9800CF8287 /* Info.plist */,
				B92989F61E8DCA9800CF8287 /* Hitchhikers.xcdatamodeld */,
			);
			path = Hitchhikers;
			sourceTree = "<group>";
		};
		B9298A061E8DCA9900CF8287 /* HitchhikersTests */ = {
			isa = PBXGroup;
			children = (
				B9298A071E8DCA9900CF8287 /* HitchhikersTests.swift */,
				B9298A091E8DCA9900CF8287 /* Info.plist */,
			);
			path = HitchhikersTests;
			sourceTree = "<group>";
		};
		B9298A111E8DCA9900CF8287 /* HitchhikersUITests */ = {
			isa = PBXGroup;
			children = (
				B9298A121E8DCA9900CF8287 /* HitchhikersUITests.swift */,
				B9298A141E8DCA9900CF8287 /* Info.plist */,
			);
			path = HitchhikersUITests;
			sourceTree = "<group>";
		};
/* End PBXGroup section */

/* Begin PBXNativeTarget section */
		B92989EB1E8DCA9800CF8287 /* Hitchhikers */ = {
			isa = PBXNativeTarget;
			buildConfigurationList = B9298A171E8DCA9900CF8287 /* Build configuration list for PBXNativeTarget "Hitchhikers" */;
			buildPhases = (
				5F3A40CF0CA8C55A16B6CCC2 /* [CP] Check Pods Manifest.lock */,
				B92989E81E8DCA9800CF8287 /* Sources */,
				B92989E91E8DCA9800CF8287 /* Frameworks */,
				B92989EA1E8DCA9800CF8287 /* Resources */,
				5865FC405D4C7D48B7676192 /* [CP] Embed Pods Frameworks */,
				5182E867C3FDEA758DDF856F /* [CP] Copy Pods Resources */,
			);
			buildRules = (
			);
			dependencies = (
			);
			name = Hitchhikers;
			productName = Hitchhikers;
			productReference = B92989EC1E8DCA9800CF8287 /* Hitchhikers.app */;
			productType = "com.apple.product-type.application";
		};
		B9298A021E8DCA9900CF8287 /* HitchhikersTests */ = {
			isa = PBXNativeTarget;
			buildConfigurationList = B9298A1A1E8DCA9900CF8287 /* Build configuration list for PBXNativeTarget "HitchhikersTests" */;
			buildPhases = (
				C25E8E6781E16962C45CCED6 /* [CP] Check Pods Manifest.lock */,
				B92989FF1E8DCA9900CF8287 /* Sources */,
				B9298A001E8DCA9900CF8287 /* Frameworks */,
				B9298A011E8DCA9900CF8287 /* Resources */,
				DFAB2973A259E8C032E1BB4B /* [CP] Embed Pods Frameworks */,
				371202481C86583290182EE7 /* [CP] Copy Pods Resources */,
			);
			buildRules = (
			);
			dependencies = (
				B9298A051E8DCA9900CF8287 /* PBXTargetDependency */,
			);
			name = HitchhikersTests;
			productName = HitchhikersTests;
			productReference = B9298A031E8DCA9900CF8287 /* HitchhikersTests.xctest */;
			productType = "com.apple.product-type.bundle.unit-test";
		};
		B9298A0D1E8DCA9900CF8287 /* HitchhikersUITests */ = {
			isa = PBXNativeTarget;
			buildConfigurationList = B9298A1D1E8DCA9900CF8287 /* Build configuration list for PBXNativeTarget "HitchhikersUITests" */;
			buildPhases = (
				2F3D5BA17A69FC8A74B97995 /* [CP] Check Pods Manifest.lock */,
				B9298A0A1E8DCA9900CF8287 /* Sources */,
				B9298A0B1E8DCA9900CF8287 /* Frameworks */,
				B9298A0C1E8DCA9900CF8287 /* Resources */,
				FB1446B42F42F54B2A97650D /* [CP] Embed Pods Frameworks */,
				700143E04A1DDAD969D00146 /* [CP] Copy Pods Resources */,
			);
			buildRules = (
			);
			dependencies = (
				B9298A101E8DCA9900CF8287 /* PBXTargetDependency */,
			);
			name = HitchhikersUITests;
			productName = HitchhikersUITests;
			productReference = B9298A0E1E8DCA9900CF8287 /* HitchhikersUITests.xctest */;
			productType = "com.apple.product-type.bundle.ui-testing";
		};
/* End PBXNativeTarget section */

/* Begin PBXProject section */
		B92989E41E8DCA9800CF8287 /* Project object */ = {
			isa = PBXProject;
			attributes = {
				LastSwiftUpdateCheck = 0830;
				LastUpgradeCheck = 0830;
				ORGANIZATIONNAME = "William Z Wang";
				TargetAttributes = {
					B92989EB1E8DCA9800CF8287 = {
						CreatedOnToolsVersion = 8.3;
						ProvisioningStyle = Automatic;
					};
					B9298A021E8DCA9900CF8287 = {
						CreatedOnToolsVersion = 8.3;
						ProvisioningStyle = Automatic;
						TestTargetID = B92989EB1E8DCA9800CF8287;
					};
					B9298A0D1E8DCA9900CF8287 = {
						CreatedOnToolsVersion = 8.3;
						ProvisioningStyle = Automatic;
						TestTargetID = B92989EB1E8DCA9800CF8287;
					};
				};
			};
			buildConfigurationList = B92989E71E8DCA9800CF8287 /* Build configuration list for PBXProject "Hitchhikers" */;
			compatibilityVersion = "Xcode 3.2";
			developmentRegion = English;
			hasScannedForEncodings = 0;
			knownRegions = (
				en,
				Base,
			);
			mainGroup = B92989E31E8DCA9800CF8287;
			productRefGroup = B92989ED1E8DCA9800CF8287 /* Products */;
			projectDirPath = "";
			projectRoot = "";
			targets = (
				B92989EB1E8DCA9800CF8287 /* Hitchhikers */,
				B9298A021E8DCA9900CF8287 /* HitchhikersTests */,
				B9298A0D1E8DCA9900CF8287 /* HitchhikersUITests */,
			);
		};
/* End PBXProject section */

/* Begin PBXResourcesBuildPhase section */
		B92989EA1E8DCA9800CF8287 /* Resources */ = {
			isa = PBXResourcesBuildPhase;
			buildActionMask = 2147483647;
			files = (
				B92989FD1E8DCA9800CF8287 /* LaunchScreen.storyboard in Resources */,
				B92989FA1E8DCA9800CF8287 /* Assets.xcassets in Resources */,
				B92989F51E8DCA9800CF8287 /* Main.storyboard in Resources */,
			);
			runOnlyForDeploymentPostprocessing = 0;
		};
		B9298A011E8DCA9900CF8287 /* Resources */ = {
			isa = PBXResourcesBuildPhase;
			buildActionMask = 2147483647;
			files = (
			);
			runOnlyForDeploymentPostprocessing = 0;
		};
		B9298A0C1E8DCA9900CF8287 /* Resources */ = {
			isa = PBXResourcesBuildPhase;
			buildActionMask = 2147483647;
			files = (
			);
			runOnlyForDeploymentPostprocessing = 0;
		};
/* End PBXResourcesBuildPhase section */

/* Begin PBXShellScriptBuildPhase section */
		2F3D5BA17A69FC8A74B97995 /* [CP] Check Pods Manifest.lock */ = {
			isa = PBXShellScriptBuildPhase;
			buildActionMask = 2147483647;
			files = (
			);
			inputPaths = (
			);
			name = "[CP] Check Pods Manifest.lock";
			outputPaths = (
			);
			runOnlyForDeploymentPostprocessing = 0;
			shellPath = /bin/sh;
			shellScript = "diff \"${PODS_ROOT}/../Podfile.lock\" \"${PODS_ROOT}/Manifest.lock\" > /dev/null\nif [ $? != 0 ] ; then\n    # print error to STDERR\n    echo \"error: The sandbox is not in sync with the Podfile.lock. Run 'pod install' or update your CocoaPods installation.\" >&2\n    exit 1\nfi\n";
			showEnvVarsInLog = 0;
		};
		371202481C86583290182EE7 /* [CP] Copy Pods Resources */ = {
			isa = PBXShellScriptBuildPhase;
			buildActionMask = 2147483647;
			files = (
			);
			inputPaths = (
			);
			name = "[CP] Copy Pods Resources";
			outputPaths = (
			);
			runOnlyForDeploymentPostprocessing = 0;
			shellPath = /bin/sh;
			shellScript = "\"${SRCROOT}/Pods/Target Support Files/Pods-HitchhikersTests/Pods-HitchhikersTests-resources.sh\"\n";
			showEnvVarsInLog = 0;
		};
		5182E867C3FDEA758DDF856F /* [CP] Copy Pods Resources */ = {
			isa = PBXShellScriptBuildPhase;
			buildActionMask = 2147483647;
			files = (
			);
			inputPaths = (
			);
			name = "[CP] Copy Pods Resources";
			outputPaths = (
			);
			runOnlyForDeploymentPostprocessing = 0;
			shellPath = /bin/sh;
			shellScript = "\"${SRCROOT}/Pods/Target Support Files/Pods-Hitchhikers/Pods-Hitchhikers-resources.sh\"\n";
			showEnvVarsInLog = 0;
		};
		5865FC405D4C7D48B7676192 /* [CP] Embed Pods Frameworks */ = {
			isa = PBXShellScriptBuildPhase;
			buildActionMask = 2147483647;
			files = (
			);
			inputPaths = (
			);
			name = "[CP] Embed Pods Frameworks";
			outputPaths = (
			);
			runOnlyForDeploymentPostprocessing = 0;
			shellPath = /bin/sh;
			shellScript = "\"${SRCROOT}/Pods/Target Support Files/Pods-Hitchhikers/Pods-Hitchhikers-frameworks.sh\"\n";
			showEnvVarsInLog = 0;
		};
		5F3A40CF0CA8C55A16B6CCC2 /* [CP] Check Pods Manifest.lock */ = {
			isa = PBXShellScriptBuildPhase;
			buildActionMask = 2147483647;
			files = (
			);
			inputPaths = (
			);
			name = "[CP] Check Pods Manifest.lock";
			outputPaths = (
			);
			runOnlyForDeploymentPostprocessing = 0;
			shellPath = /bin/sh;
			shellScript = "diff \"${PODS_ROOT}/../Podfile.lock\" \"${PODS_ROOT}/Manifest.lock\" > /dev/null\nif [ $? != 0 ] ; then\n    # print error to STDERR\n    echo \"error: The sandbox is not in sync with the Podfile.lock. Run 'pod install' or update your CocoaPods installation.\" >&2\n    exit 1\nfi\n";
			showEnvVarsInLog = 0;
		};
		700143E04A1DDAD969D00146 /* [CP] Copy Pods Resources */ = {
			isa = PBXShellScriptBuildPhase;
			buildActionMask = 2147483647;
			files = (
			);
			inputPaths = (
			);
			name = "[CP] Copy Pods Resources";
			outputPaths = (
			);
			runOnlyForDeploymentPostprocessing = 0;
			shellPath = /bin/sh;
			shellScript = "\"${SRCROOT}/Pods/Target Support Files/Pods-HitchhikersUITests/Pods-HitchhikersUITests-resources.sh\"\n";
			showEnvVarsInLog = 0;
		};
		C25E8E6781E16962C45CCED6 /* [CP] Check Pods Manifest.lock */ = {
			isa = PBXShellScriptBuildPhase;
			buildActionMask = 2147483647;
			files = (
			);
			inputPaths = (
			);
			name = "[CP] Check Pods Manifest.lock";
			outputPaths = (
			);
			runOnlyForDeploymentPostprocessing = 0;
			shellPath = /bin/sh;
			shellScript = "diff \"${PODS_ROOT}/../Podfile.lock\" \"${PODS_ROOT}/Manifest.lock\" > /dev/null\nif [ $? != 0 ] ; then\n    # print error to STDERR\n    echo \"error: The sandbox is not in sync with the Podfile.lock. Run 'pod install' or update your CocoaPods installation.\" >&2\n    exit 1\nfi\n";
			showEnvVarsInLog = 0;
		};
		DFAB2973A259E8C032E1BB4B /* [CP] Embed Pods Frameworks */ = {
			isa = PBXShellScriptBuildPhase;
			buildActionMask = 2147483647;
			files = (
			);
			inputPaths = (
			);
			name = "[CP] Embed Pods Frameworks";
			outputPaths = (
			);
			runOnlyForDeploymentPostprocessing = 0;
			shellPath = /bin/sh;
			shellScript = "\"${SRCROOT}/Pods/Target Support Files/Pods-HitchhikersTests/Pods-HitchhikersTests-frameworks.sh\"\n";
			showEnvVarsInLog = 0;
		};
		FB1446B42F42F54B2A97650D /* [CP] Embed Pods Frameworks */ = {
			isa = PBXShellScriptBuildPhase;
			buildActionMask = 2147483647;
			files = (
			);
			inputPaths = (
			);
			name = "[CP] Embed Pods Frameworks";
			outputPaths = (
			);
			runOnlyForDeploymentPostprocessing = 0;
			shellPath = /bin/sh;
			shellScript = "\"${SRCROOT}/Pods/Target Support Files/Pods-HitchhikersUITests/Pods-HitchhikersUITests-frameworks.sh\"\n";
			showEnvVarsInLog = 0;
		};
/* End PBXShellScriptBuildPhase section */

/* Begin PBXSourcesBuildPhase section */
		B92989E81E8DCA9800CF8287 /* Sources */ = {
			isa = PBXSourcesBuildPhase;
			buildActionMask = 2147483647;
			files = (
				B92989F21E8DCA9800CF8287 /* ViewController.swift in Sources */,
				B92989F81E8DCA9800CF8287 /* Hitchhikers.xcdatamodeld in Sources */,
				B92989F01E8DCA9800CF8287 /* AppDelegate.swift in Sources */,
			);
			runOnlyForDeploymentPostprocessing = 0;
		};
		B92989FF1E8DCA9900CF8287 /* Sources */ = {
			isa = PBXSourcesBuildPhase;
			buildActionMask = 2147483647;
			files = (
				B9298A081E8DCA9900CF8287 /* HitchhikersTests.swift in Sources */,
			);
			runOnlyForDeploymentPostprocessing = 0;
		};
		B9298A0A1E8DCA9900CF8287 /* Sources */ = {
			isa = PBXSourcesBuildPhase;
			buildActionMask = 2147483647;
			files = (
				B9298A131E8DCA9900CF8287 /* HitchhikersUITests.swift in Sources */,
			);
			runOnlyForDeploymentPostprocessing = 0;
		};
/* End PBXSourcesBuildPhase section */

/* Begin PBXTargetDependency section */
		B9298A051E8DCA9900CF8287 /* PBXTargetDependency */ = {
			isa = PBXTargetDependency;
			target = B92989EB1E8DCA9800CF8287 /* Hitchhikers */;
			targetProxy = B9298A041E8DCA9900CF8287 /* PBXContainerItemProxy */;
		};
		B9298A101E8DCA9900CF8287 /* PBXTargetDependency */ = {
			isa = PBXTargetDependency;
			target = B92989EB1E8DCA9800CF8287 /* Hitchhikers */;
			targetProxy = B9298A0F1E8DCA9900CF8287 /* PBXContainerItemProxy */;
		};
/* End PBXTargetDependency section */

/* Begin PBXVariantGroup section */
		B92989F31E8DCA9800CF8287 /* Main.storyboard */ = {
			isa = PBXVariantGroup;
			children = (
				B92989F41E8DCA9800CF8287 /* Base */,
			);
			name = Main.storyboard;
			sourceTree = "<group>";
		};
		B92989FB1E8DCA9800CF8287 /* LaunchScreen.storyboard */ = {
			isa = PBXVariantGroup;
			children = (
				B92989FC1E8DCA9800CF8287 /* Base */,
			);
			name = LaunchScreen.storyboard;
			sourceTree = "<group>";
		};
/* End PBXVariantGroup section */

/* Begin XCBuildConfiguration section */
		B9298A151E8DCA9900CF8287 /* Debug */ = {
			isa = XCBuildConfiguration;
			buildSettings = {
				ALWAYS_SEARCH_USER_PATHS = NO;
				CLANG_ANALYZER_NONNULL = YES;
				CLANG_ANALYZER_NUMBER_OBJECT_CONVERSION = YES_AGGRESSIVE;
				CLANG_CXX_LANGUAGE_STANDARD = "gnu++0x";
				CLANG_CXX_LIBRARY = "libc++";
				CLANG_ENABLE_MODULES = YES;
				CLANG_ENABLE_OBJC_ARC = YES;
				CLANG_WARN_BOOL_CONVERSION = YES;
				CLANG_WARN_CONSTANT_CONVERSION = YES;
				CLANG_WARN_DIRECT_OBJC_ISA_USAGE = YES_ERROR;
				CLANG_WARN_DOCUMENTATION_COMMENTS = YES;
				CLANG_WARN_EMPTY_BODY = YES;
				CLANG_WARN_ENUM_CONVERSION = YES;
				CLANG_WARN_INFINITE_RECURSION = YES;
				CLANG_WARN_INT_CONVERSION = YES;
				CLANG_WARN_OBJC_ROOT_CLASS = YES_ERROR;
				CLANG_WARN_SUSPICIOUS_MOVE = YES;
				CLANG_WARN_UNREACHABLE_CODE = YES;
				CLANG_WARN__DUPLICATE_METHOD_MATCH = YES;
				"CODE_SIGN_IDENTITY[sdk=iphoneos*]" = "iPhone Developer";
				COPY_PHASE_STRIP = NO;
				DEBUG_INFORMATION_FORMAT = dwarf;
				ENABLE_STRICT_OBJC_MSGSEND = YES;
				ENABLE_TESTABILITY = YES;
				FRAMEWORK_SEARCH_PATHS = "$(SRCROOT)";
				GCC_C_LANGUAGE_STANDARD = gnu99;
				GCC_DYNAMIC_NO_PIC = NO;
				GCC_NO_COMMON_BLOCKS = YES;
				GCC_OPTIMIZATION_LEVEL = 0;
				GCC_PREPROCESSOR_DEFINITIONS = (
					"DEBUG=1",
					"$(inherited)",
				);
				GCC_WARN_64_TO_32_BIT_CONVERSION = YES;
				GCC_WARN_ABOUT_RETURN_TYPE = YES_ERROR;
				GCC_WARN_UNDECLARED_SELECTOR = YES;
				GCC_WARN_UNINITIALIZED_AUTOS = YES_AGGRESSIVE;
				GCC_WARN_UNUSED_FUNCTION = YES;
				GCC_WARN_UNUSED_VARIABLE = YES;
				IPHONEOS_DEPLOYMENT_TARGET = 10.3;
				MTL_ENABLE_DEBUG_INFO = YES;
				ONLY_ACTIVE_ARCH = YES;
				SDKROOT = iphoneos;
				SWIFT_ACTIVE_COMPILATION_CONDITIONS = DEBUG;
				SWIFT_OPTIMIZATION_LEVEL = "-Onone";
			};
			name = Debug;
		};
		B9298A161E8DCA9900CF8287 /* Release */ = {
			isa = XCBuildConfiguration;
			buildSettings = {
				ALWAYS_SEARCH_USER_PATHS = NO;
				CLANG_ANALYZER_NONNULL = YES;
				CLANG_ANALYZER_NUMBER_OBJECT_CONVERSION = YES_AGGRESSIVE;
				CLANG_CXX_LANGUAGE_STANDARD = "gnu++0x";
				CLANG_CXX_LIBRARY = "libc++";
				CLANG_ENABLE_MODULES = YES;
				CLANG_ENABLE_OBJC_ARC = YES;
				CLANG_WARN_BOOL_CONVERSION = YES;
				CLANG_WARN_CONSTANT_CONVERSION = YES;
				CLANG_WARN_DIRECT_OBJC_ISA_USAGE = YES_ERROR;
				CLANG_WARN_DOCUMENTATION_COMMENTS = YES;
				CLANG_WARN_EMPTY_BODY = YES;
				CLANG_WARN_ENUM_CONVERSION = YES;
				CLANG_WARN_INFINITE_RECURSION = YES;
				CLANG_WARN_INT_CONVERSION = YES;
				CLANG_WARN_OBJC_ROOT_CLASS = YES_ERROR;
				CLANG_WARN_SUSPICIOUS_MOVE = YES;
				CLANG_WARN_UNREACHABLE_CODE = YES;
				CLANG_WARN__DUPLICATE_METHOD_MATCH = YES;
				"CODE_SIGN_IDENTITY[sdk=iphoneos*]" = "iPhone Developer";
				COPY_PHASE_STRIP = NO;
				DEBUG_INFORMATION_FORMAT = "dwarf-with-dsym";
				ENABLE_NS_ASSERTIONS = NO;
				ENABLE_STRICT_OBJC_MSGSEND = YES;
				FRAMEWORK_SEARCH_PATHS = "$(SRCROOT)";
				GCC_C_LANGUAGE_STANDARD = gnu99;
				GCC_NO_COMMON_BLOCKS = YES;
				GCC_WARN_64_TO_32_BIT_CONVERSION = YES;
				GCC_WARN_ABOUT_RETURN_TYPE = YES_ERROR;
				GCC_WARN_UNDECLARED_SELECTOR = YES;
				GCC_WARN_UNINITIALIZED_AUTOS = YES_AGGRESSIVE;
				GCC_WARN_UNUSED_FUNCTION = YES;
				GCC_WARN_UNUSED_VARIABLE = YES;
				IPHONEOS_DEPLOYMENT_TARGET = 10.3;
				MTL_ENABLE_DEBUG_INFO = NO;
				SDKROOT = iphoneos;
				SWIFT_OPTIMIZATION_LEVEL = "-Owholemodule";
				VALIDATE_PRODUCT = YES;
			};
			name = Release;
		};
		B9298A181E8DCA9900CF8287 /* Debug */ = {
			isa = XCBuildConfiguration;
			baseConfigurationReference = 30EABE6987A56A6969E73E96 /* Pods-Hitchhikers.debug.xcconfig */;
			buildSettings = {
				ASSETCATALOG_COMPILER_APPICON_NAME = AppIcon;
				INFOPLIST_FILE = Hitchhikers/Info.plist;
				LD_RUNPATH_SEARCH_PATHS = "$(inherited) @executable_path/Frameworks";
				PRODUCT_BUNDLE_IDENTIFIER = usc.Hitchhikers;
				PRODUCT_NAME = "$(TARGET_NAME)";
				SWIFT_VERSION = 3.0;
			};
			name = Debug;
		};
		B9298A191E8DCA9900CF8287 /* Release */ = {
			isa = XCBuildConfiguration;
			baseConfigurationReference = 92C0871AD102DBC05FE09FFE /* Pods-Hitchhikers.release.xcconfig */;
			buildSettings = {
				ASSETCATALOG_COMPILER_APPICON_NAME = AppIcon;
				INFOPLIST_FILE = Hitchhikers/Info.plist;
				LD_RUNPATH_SEARCH_PATHS = "$(inherited) @executable_path/Frameworks";
				PRODUCT_BUNDLE_IDENTIFIER = usc.Hitchhikers;
				PRODUCT_NAME = "$(TARGET_NAME)";
				SWIFT_VERSION = 3.0;
			};
			name = Release;
		};
		B9298A1B1E8DCA9900CF8287 /* Debug */ = {
			isa = XCBuildConfiguration;
			baseConfigurationReference = 87317CEC1E2AD2F8D06FA52F /* Pods-HitchhikersTests.debug.xcconfig */;
			buildSettings = {
				ALWAYS_EMBED_SWIFT_STANDARD_LIBRARIES = YES;
				BUNDLE_LOADER = "$(TEST_HOST)";
				INFOPLIST_FILE = HitchhikersTests/Info.plist;
				LD_RUNPATH_SEARCH_PATHS = "$(inherited) @executable_path/Frameworks @loader_path/Frameworks";
				PRODUCT_BUNDLE_IDENTIFIER = usc.HitchhikersTests;
				PRODUCT_NAME = "$(TARGET_NAME)";
				SWIFT_VERSION = 3.0;
				TEST_HOST = "$(BUILT_PRODUCTS_DIR)/Hitchhikers.app/Hitchhikers";
			};
			name = Debug;
		};
		B9298A1C1E8DCA9900CF8287 /* Release */ = {
			isa = XCBuildConfiguration;
			baseConfigurationReference = 0B20C2CE7461E8A91A41C4D4 /* Pods-HitchhikersTests.release.xcconfig */;
			buildSettings = {
				ALWAYS_EMBED_SWIFT_STANDARD_LIBRARIES = YES;
				BUNDLE_LOADER = "$(TEST_HOST)";
				INFOPLIST_FILE = HitchhikersTests/Info.plist;
				LD_RUNPATH_SEARCH_PATHS = "$(inherited) @executable_path/Frameworks @loader_path/Frameworks";
				PRODUCT_BUNDLE_IDENTIFIER = usc.HitchhikersTests;
				PRODUCT_NAME = "$(TARGET_NAME)";
				SWIFT_VERSION = 3.0;
				TEST_HOST = "$(BUILT_PRODUCTS_DIR)/Hitchhikers.app/Hitchhikers";
			};
			name = Release;
		};
		B9298A1E1E8DCA9900CF8287 /* Debug */ = {
			isa = XCBuildConfiguration;
			baseConfigurationReference = BED6C55008737DF9FE444FFA /* Pods-HitchhikersUITests.debug.xcconfig */;
			buildSettings = {
				ALWAYS_EMBED_SWIFT_STANDARD_LIBRARIES = YES;
				INFOPLIST_FILE = HitchhikersUITests/Info.plist;
				LD_RUNPATH_SEARCH_PATHS = "$(inherited) @executable_path/Frameworks @loader_path/Frameworks";
				PRODUCT_BUNDLE_IDENTIFIER = usc.HitchhikersUITests;
				PRODUCT_NAME = "$(TARGET_NAME)";
				SWIFT_VERSION = 3.0;
				TEST_TARGET_NAME = Hitchhikers;
			};
			name = Debug;
		};
		B9298A1F1E8DCA9900CF8287 /* Release */ = {
			isa = XCBuildConfiguration;
			baseConfigurationReference = 7DC22BC6AC1F3DFAF594E519 /* Pods-HitchhikersUITests.release.xcconfig */;
			buildSettings = {
				ALWAYS_EMBED_SWIFT_STANDARD_LIBRARIES = YES;
				INFOPLIST_FILE = HitchhikersUITests/Info.plist;
				LD_RUNPATH_SEARCH_PATHS = "$(inherited) @executable_path/Frameworks @loader_path/Frameworks";
				PRODUCT_BUNDLE_IDENTIFIER = usc.HitchhikersUITests;
				PRODUCT_NAME = "$(TARGET_NAME)";
				SWIFT_VERSION = 3.0;
				TEST_TARGET_NAME = Hitchhikers;
			};
			name = Release;
		};
/* End XCBuildConfiguration section */

/* Begin XCConfigurationList section */
		B92989E71E8DCA9800CF8287 /* Build configuration list for PBXProject "Hitchhikers" */ = {
			isa = XCConfigurationList;
			buildConfigurations = (
				B9298A151E8DCA9900CF8287 /* Debug */,
				B9298A161E8DCA9900CF8287 /* Release */,
			);
			defaultConfigurationIsVisible = 0;
			defaultConfigurationName = Release;
		};
		B9298A171E8DCA9900CF8287 /* Build configuration list for PBXNativeTarget "Hitchhikers" */ = {
			isa = XCConfigurationList;
			buildConfigurations = (
				B9298A181E8DCA9900CF8287 /* Debug */,
				B9298A191E8DCA9900CF8287 /* Release */,
			);
			defaultConfigurationIsVisible = 0;
			defaultConfigurationName = Release;
		};
		B9298A1A1E8DCA9900CF8287 /* Build configuration list for PBXNativeTarget "HitchhikersTests" */ = {
			isa = XCConfigurationList;
			buildConfigurations = (
				B9298A1B1E8DCA9900CF8287 /* Debug */,
				B9298A1C1E8DCA9900CF8287 /* Release */,
			);
			defaultConfigurationIsVisible = 0;
			defaultConfigurationName = Release;
		};
		B9298A1D1E8DCA9900CF8287 /* Build configuration list for PBXNativeTarget "HitchhikersUITests" */ = {
			isa = XCConfigurationList;
			buildConfigurations = (
				B9298A1E1E8DCA9900CF8287 /* Debug */,
				B9298A1F1E8DCA9900CF8287 /* Release */,
			);
			defaultConfigurationIsVisible = 0;
			defaultConfigurationName = Release;
		};
/* End XCConfigurationList section */

/* Begin XCVersionGroup section */
		B92989F61E8DCA9800CF8287 /* Hitchhikers.xcdatamodeld */ = {
			isa = XCVersionGroup;
			children = (
				B92989F71E8DCA9800CF8287 /* Hitchhikers.xcdatamodel */,
			);
			currentVersion = B92989F71E8DCA9800CF8287 /* Hitchhikers.xcdatamodel */;
			path = Hitchhikers.xcdatamodeld;
			sourceTree = "<group>";
			versionGroupType = wrapper.xcdatamodel;
		};
/* End XCVersionGroup section */
	};
	rootObject = B92989E41E8DCA9800CF8287 /* Project object */;
}
