// !$*UTF8*$!
{
	archiveVersion = 1;
	classes = {
	};
	objectVersion = 46;
	objects = {

/* Begin PBXBuildFile section */
		117B48181E9CD3CC00B0799C /* ProfileTableViewController.swift in Sources */ = {isa = PBXBuildFile; fileRef = 117B48171E9CD3CC00B0799C /* ProfileTableViewController.swift */; };
		117EAC611E8DD9FE008BEE42 /* Client.swift in Sources */ = {isa = PBXBuildFile; fileRef = 117EAC601E8DD9FE008BEE42 /* Client.swift */; };
		11BF99921E94E810000E393C /* MenuViewController.swift in Sources */ = {isa = PBXBuildFile; fileRef = 11BF99911E94E810000E393C /* MenuViewController.swift */; };
		11BF99961E94E8F2000E393C /* UIViewController.swift in Sources */ = {isa = PBXBuildFile; fileRef = 11BF99951E94E8F2000E393C /* UIViewController.swift */; };
		11BF99981E94E981000E393C /* SlideController.swift in Sources */ = {isa = PBXBuildFile; fileRef = 11BF99971E94E981000E393C /* SlideController.swift */; };
		11BF999A1E94E9AB000E393C /* ProfileViewController.swift in Sources */ = {isa = PBXBuildFile; fileRef = 11BF99991E94E9AB000E393C /* ProfileViewController.swift */; };
		11BF999C1E94ED6F000E393C /* BaseTableViewCell.swift in Sources */ = {isa = PBXBuildFile; fileRef = 11BF999B1E94ED6F000E393C /* BaseTableViewCell.swift */; };
		3F959DC2A77D48CD9C01830D /* Pods_Hitchhikers.framework in Frameworks */ = {isa = PBXBuildFile; fileRef = 1892EB6D4B294B6253EBBFDD /* Pods_Hitchhikers.framework */; };
		7755C0185E6452AFD2C8710A /* Pods_HitchhikersTests.framework in Frameworks */ = {isa = PBXBuildFile; fileRef = 469962EC67B5D23BCE188CD4 /* Pods_HitchhikersTests.framework */; };
		B90799211E9D8E2D0008A12F /* GuestTableViewController.swift in Sources */ = {isa = PBXBuildFile; fileRef = B90799201E9D8E2D0008A12F /* GuestTableViewController.swift */; };
		B90799271E9DAF9D0008A12F /* GMSMapViewController.swift in Sources */ = {isa = PBXBuildFile; fileRef = B90799261E9DAF9D0008A12F /* GMSMapViewController.swift */; };
		B907992B1E9DD0E00008A12F /* SearchTableViewCell.swift in Sources */ = {isa = PBXBuildFile; fileRef = B907992A1E9DD0E00008A12F /* SearchTableViewCell.swift */; };
		B9143A3B1E95BF860081D002 /* AddRideViewController.swift in Sources */ = {isa = PBXBuildFile; fileRef = B9143A3A1E95BF860081D002 /* AddRideViewController.swift */; };
		B9143A3D1E95D8CF0081D002 /* SearchRidesViewController.swift in Sources */ = {isa = PBXBuildFile; fileRef = B9143A3C1E95D8CF0081D002 /* SearchRidesViewController.swift */; };
		B9143A3F1E95F0E10081D002 /* SignUpViewController.swift in Sources */ = {isa = PBXBuildFile; fileRef = B9143A3E1E95F0E10081D002 /* SignUpViewController.swift */; };
		B918278F1E8DFF5500FFE83E /* FeedTableViewController.swift in Sources */ = {isa = PBXBuildFile; fileRef = B918278E1E8DFF5500FFE83E /* FeedTableViewController.swift */; };
		B91FF28D1E8DD8C700A7E766 /* LoginViewController.swift in Sources */ = {isa = PBXBuildFile; fileRef = B91FF28C1E8DD8C700A7E766 /* LoginViewController.swift */; };
		B92989F01E8DCA9800CF8287 /* AppDelegate.swift in Sources */ = {isa = PBXBuildFile; fileRef = B92989EF1E8DCA9800CF8287 /* AppDelegate.swift */; };
		B92989F21E8DCA9800CF8287 /* ViewController.swift in Sources */ = {isa = PBXBuildFile; fileRef = B92989F11E8DCA9800CF8287 /* ViewController.swift */; };
		B92989F51E8DCA9800CF8287 /* Main.storyboard in Resources */ = {isa = PBXBuildFile; fileRef = B92989F31E8DCA9800CF8287 /* Main.storyboard */; };
		B92989F81E8DCA9800CF8287 /* Hitchhikers.xcdatamodeld in Sources */ = {isa = PBXBuildFile; fileRef = B92989F61E8DCA9800CF8287 /* Hitchhikers.xcdatamodeld */; };
		B92989FA1E8DCA9800CF8287 /* Assets.xcassets in Resources */ = {isa = PBXBuildFile; fileRef = B92989F91E8DCA9800CF8287 /* Assets.xcassets */; };
		B92989FD1E8DCA9800CF8287 /* LaunchScreen.storyboard in Resources */ = {isa = PBXBuildFile; fileRef = B92989FB1E8DCA9800CF8287 /* LaunchScreen.storyboard */; };
		B9298A131E8DCA9900CF8287 /* HitchhikersUITests.swift in Sources */ = {isa = PBXBuildFile; fileRef = B9298A121E8DCA9900CF8287 /* HitchhikersUITests.swift */; };
		B970B7D91E97B5AB0084428A /* RideViewController.swift in Sources */ = {isa = PBXBuildFile; fileRef = B970B7D81E97B5AB0084428A /* RideViewController.swift */; };
		B97B61871EA83E2A0099B103 /* 3_people.png in Resources */ = {isa = PBXBuildFile; fileRef = B97B61861EA83E2A0099B103 /* 3_people.png */; };
		B97B61891EA861A70099B103 /* mountain_icon.png in Resources */ = {isa = PBXBuildFile; fileRef = B97B61881EA861A70099B103 /* mountain_icon.png */; };
		B9A043541EA8280C0075ABB8 /* add.png in Resources */ = {isa = PBXBuildFile; fileRef = B9A0432C1EA8280C0075ABB8 /* add.png */; };
		B9A043551EA8280C0075ABB8 /* adventure_girl.png in Resources */ = {isa = PBXBuildFile; fileRef = B9A0432D1EA8280C0075ABB8 /* adventure_girl.png */; };
		B9A043561EA8280C0075ABB8 /* building_small.png in Resources */ = {isa = PBXBuildFile; fileRef = B9A0432E1EA8280C0075ABB8 /* building_small.png */; };
		B9A043571EA8280C0075ABB8 /* car.png in Resources */ = {isa = PBXBuildFile; fileRef = B9A0432F1EA8280C0075ABB8 /* car.png */; };
		B9A043581EA8280C0075ABB8 /* compass.png in Resources */ = {isa = PBXBuildFile; fileRef = B9A043301EA8280C0075ABB8 /* compass.png */; };
		B9A043591EA8280C0075ABB8 /* connect_spotify.png in Resources */ = {isa = PBXBuildFile; fileRef = B9A043311EA8280C0075ABB8 /* connect_spotify.png */; };
		B9A0435A1EA8280C0075ABB8 /* contact_user.png in Resources */ = {isa = PBXBuildFile; fileRef = B9A043321EA8280C0075ABB8 /* contact_user.png */; };
		B9A0435B1EA8280C0075ABB8 /* credit_card.png in Resources */ = {isa = PBXBuildFile; fileRef = B9A043331EA8280C0075ABB8 /* credit_card.png */; };
		B9A0435C1EA8280C0075ABB8 /* crossroads.png in Resources */ = {isa = PBXBuildFile; fileRef = B9A043341EA8280C0075ABB8 /* crossroads.png */; };
		B9A0435D1EA8280C0075ABB8 /* date.png in Resources */ = {isa = PBXBuildFile; fileRef = B9A043351EA8280C0075ABB8 /* date.png */; };
		B9A0435E1EA8280C0075ABB8 /* delete_ride.png in Resources */ = {isa = PBXBuildFile; fileRef = B9A043361EA8280C0075ABB8 /* delete_ride.png */; };
		B9A0435F1EA8280C0075ABB8 /* down_arrow.png in Resources */ = {isa = PBXBuildFile; fileRef = B9A043371EA8280C0075ABB8 /* down_arrow.png */; };
		B9A043601EA8280C0075ABB8 /* dude_pic.png in Resources */ = {isa = PBXBuildFile; fileRef = B9A043381EA8280C0075ABB8 /* dude_pic.png */; };
		B9A043611EA8280C0075ABB8 /* food.png in Resources */ = {isa = PBXBuildFile; fileRef = B9A043391EA8280C0075ABB8 /* food.png */; };
		B9A043621EA8280C0075ABB8 /* girl_on_hill.png in Resources */ = {isa = PBXBuildFile; fileRef = B9A0433A1EA8280C0075ABB8 /* girl_on_hill.png */; };
		B9A043631EA8280C0075ABB8 /* hamburger_menu.png in Resources */ = {isa = PBXBuildFile; fileRef = B9A0433B1EA8280C0075ABB8 /* hamburger_menu.png */; };
		B9A043641EA8280C0075ABB8 /* ice_cream.png in Resources */ = {isa = PBXBuildFile; fileRef = B9A0433C1EA8280C0075ABB8 /* ice_cream.png */; };
		B9A043651EA8280C0075ABB8 /* id.png in Resources */ = {isa = PBXBuildFile; fileRef = B9A0433D1EA8280C0075ABB8 /* id.png */; };
		B9A043661EA8280C0075ABB8 /* jeffrey_miller.jpg in Resources */ = {isa = PBXBuildFile; fileRef = B9A0433E1EA8280C0075ABB8 /* jeffrey_miller.jpg */; };
		B9A043671EA8280C0075ABB8 /* JeffreyMiller.jpg in Resources */ = {isa = PBXBuildFile; fileRef = B9A0433F1EA8280C0075ABB8 /* JeffreyMiller.jpg */; };
		B9A043681EA8280C0075ABB8 /* join_ride.png in Resources */ = {isa = PBXBuildFile; fileRef = B9A043401EA8280C0075ABB8 /* join_ride.png */; };
		B9A043691EA8280C0075ABB8 /* license.png in Resources */ = {isa = PBXBuildFile; fileRef = B9A043411EA8280C0075ABB8 /* license.png */; };
		B9A0436A1EA8280C0075ABB8 /* login_fb.png in Resources */ = {isa = PBXBuildFile; fileRef = B9A043421EA8280C0075ABB8 /* login_fb.png */; };
		B9A0436B1EA8280C0075ABB8 /* login_gplus.png in Resources */ = {isa = PBXBuildFile; fileRef = B9A043431EA8280C0075ABB8 /* login_gplus.png */; };
		B9A0436C1EA8280C0075ABB8 /* login.png in Resources */ = {isa = PBXBuildFile; fileRef = B9A043441EA8280C0075ABB8 /* login.png */; };
		B9A0436D1EA8280C0075ABB8 /* map_pin_big.png in Resources */ = {isa = PBXBuildFile; fileRef = B9A043451EA8280C0075ABB8 /* map_pin_big.png */; };
		B9A0436E1EA8280C0075ABB8 /* map_pin_small.png in Resources */ = {isa = PBXBuildFile; fileRef = B9A043461EA8280C0075ABB8 /* map_pin_small.png */; };
		B9A043701EA8280C0075ABB8 /* nice_car_trunk.png in Resources */ = {isa = PBXBuildFile; fileRef = B9A043481EA8280C0075ABB8 /* nice_car_trunk.png */; };
		B9A043711EA8280C0075ABB8 /* search.png in Resources */ = {isa = PBXBuildFile; fileRef = B9A043491EA8280C0075ABB8 /* search.png */; };
		B9A043721EA8280C0075ABB8 /* seat.png in Resources */ = {isa = PBXBuildFile; fileRef = B9A0434A1EA8280C0075ABB8 /* seat.png */; };
		B9A043731EA8280C0075ABB8 /* snowy_mountains.png in Resources */ = {isa = PBXBuildFile; fileRef = B9A0434B1EA8280C0075ABB8 /* snowy_mountains.png */; };
		B9A043741EA8280C0075ABB8 /* spotify_icon.png in Resources */ = {isa = PBXBuildFile; fileRef = B9A0434C1EA8280C0075ABB8 /* spotify_icon.png */; };
		B9A043751EA8280C0075ABB8 /* submit_trip.png in Resources */ = {isa = PBXBuildFile; fileRef = B9A0434D1EA8280C0075ABB8 /* submit_trip.png */; };
		B9A043761EA8280C0075ABB8 /* suitcase_icon.png in Resources */ = {isa = PBXBuildFile; fileRef = B9A0434E1EA8280C0075ABB8 /* suitcase_icon.png */; };
		B9A043771EA8280C0075ABB8 /* ticket.png in Resources */ = {isa = PBXBuildFile; fileRef = B9A0434F1EA8280C0075ABB8 /* ticket.png */; };
		B9A043781EA8280C0075ABB8 /* vertical_dots.png in Resources */ = {isa = PBXBuildFile; fileRef = B9A043501EA8280C0075ABB8 /* vertical_dots.png */; };
		B9A043791EA8280C0075ABB8 /* welcome.png in Resources */ = {isa = PBXBuildFile; fileRef = B9A043511EA8280C0075ABB8 /* welcome.png */; };
		B9A0437A1EA8280C0075ABB8 /* world.png in Resources */ = {isa = PBXBuildFile; fileRef = B9A043521EA8280C0075ABB8 /* world.png */; };
		B9C349F21E9716F6008B85CC /* FeedTableViewCell.swift in Sources */ = {isa = PBXBuildFile; fileRef = B9C349F11E9716F6008B85CC /* FeedTableViewCell.swift */; };
		C0811622FEB689CEC8F6A796 /* Pods_HitchhikersUITests.framework in Frameworks */ = {isa = PBXBuildFile; fileRef = 95EECFE92C501098AAB66E61 /* Pods_HitchhikersUITests.framework */; };
/* End PBXBuildFile section */

/* Begin PBXContainerItemProxy section */
		B9298A041E8DCA9900CF8287 /* PBXContainerItemProxy */ = {
			isa = PBXContainerItemProxy;
			containerPortal = B92989E41E8DCA9800CF8287 /* Project object */;
			proxyType = 1;
			remoteGlobalIDString = B92989EB1E8DCA9800CF8287;
			remoteInfo = Hitchhikers;
		};
		B9298A0F1E8DCA9900CF8287 /* PBXContainerItemProxy */ = {
			isa = PBXContainerItemProxy;
			containerPortal = B92989E41E8DCA9800CF8287 /* Project object */;
			proxyType = 1;
			remoteGlobalIDString = B92989EB1E8DCA9800CF8287;
			remoteInfo = Hitchhikers;
		};
/* End PBXContainerItemProxy section */

/* Begin PBXFileReference section */
		0B20C2CE7461E8A91A41C4D4 /* Pods-HitchhikersTests.release.xcconfig */ = {isa = PBXFileReference; includeInIndex = 1; lastKnownFileType = text.xcconfig; name = "Pods-HitchhikersTests.release.xcconfig"; path = "Pods/Target Support Files/Pods-HitchhikersTests/Pods-HitchhikersTests.release.xcconfig"; sourceTree = "<group>"; };
		117B48171E9CD3CC00B0799C /* ProfileTableViewController.swift */ = {isa = PBXFileReference; fileEncoding = 4; lastKnownFileType = sourcecode.swift; path = ProfileTableViewController.swift; sourceTree = "<group>"; };
		117EAC601E8DD9FE008BEE42 /* Client.swift */ = {isa = PBXFileReference; fileEncoding = 4; lastKnownFileType = sourcecode.swift; path = Client.swift; sourceTree = "<group>"; };
		11BF99911E94E810000E393C /* MenuViewController.swift */ = {isa = PBXFileReference; fileEncoding = 4; lastKnownFileType = sourcecode.swift; path = MenuViewController.swift; sourceTree = "<group>"; };
		11BF99951E94E8F2000E393C /* UIViewController.swift */ = {isa = PBXFileReference; fileEncoding = 4; lastKnownFileType = sourcecode.swift; path = UIViewController.swift; sourceTree = "<group>"; };
		11BF99971E94E981000E393C /* SlideController.swift */ = {isa = PBXFileReference; fileEncoding = 4; lastKnownFileType = sourcecode.swift; path = SlideController.swift; sourceTree = "<group>"; };
		11BF99991E94E9AB000E393C /* ProfileViewController.swift */ = {isa = PBXFileReference; fileEncoding = 4; lastKnownFileType = sourcecode.swift; path = ProfileViewController.swift; sourceTree = "<group>"; };
		11BF999B1E94ED6F000E393C /* BaseTableViewCell.swift */ = {isa = PBXFileReference; fileEncoding = 4; lastKnownFileType = sourcecode.swift; path = BaseTableViewCell.swift; sourceTree = "<group>"; };
		1892EB6D4B294B6253EBBFDD /* Pods_Hitchhikers.framework */ = {isa = PBXFileReference; explicitFileType = wrapper.framework; includeInIndex = 0; path = Pods_Hitchhikers.framework; sourceTree = BUILT_PRODUCTS_DIR; };
		30EABE6987A56A6969E73E96 /* Pods-Hitchhikers.debug.xcconfig */ = {isa = PBXFileReference; includeInIndex = 1; lastKnownFileType = text.xcconfig; name = "Pods-Hitchhikers.debug.xcconfig"; path = "Pods/Target Support Files/Pods-Hitchhikers/Pods-Hitchhikers.debug.xcconfig"; sourceTree = "<group>"; };
		469962EC67B5D23BCE188CD4 /* Pods_HitchhikersTests.framework */ = {isa = PBXFileReference; explicitFileType = wrapper.framework; includeInIndex = 0; path = Pods_HitchhikersTests.framework; sourceTree = BUILT_PRODUCTS_DIR; };
		7DC22BC6AC1F3DFAF594E519 /* Pods-HitchhikersUITests.release.xcconfig */ = {isa = PBXFileReference; includeInIndex = 1; lastKnownFileType = text.xcconfig; name = "Pods-HitchhikersUITests.release.xcconfig"; path = "Pods/Target Support Files/Pods-HitchhikersUITests/Pods-HitchhikersUITests.release.xcconfig"; sourceTree = "<group>"; };
		87317CEC1E2AD2F8D06FA52F /* Pods-HitchhikersTests.debug.xcconfig */ = {isa = PBXFileReference; includeInIndex = 1; lastKnownFileType = text.xcconfig; name = "Pods-HitchhikersTests.debug.xcconfig"; path = "Pods/Target Support Files/Pods-HitchhikersTests/Pods-HitchhikersTests.debug.xcconfig"; sourceTree = "<group>"; };
		92C0871AD102DBC05FE09FFE /* Pods-Hitchhikers.release.xcconfig */ = {isa = PBXFileReference; includeInIndex = 1; lastKnownFileType = text.xcconfig; name = "Pods-Hitchhikers.release.xcconfig"; path = "Pods/Target Support Files/Pods-Hitchhikers/Pods-Hitchhikers.release.xcconfig"; sourceTree = "<group>"; };
		95EECFE92C501098AAB66E61 /* Pods_HitchhikersUITests.framework */ = {isa = PBXFileReference; explicitFileType = wrapper.framework; includeInIndex = 0; path = Pods_HitchhikersUITests.framework; sourceTree = BUILT_PRODUCTS_DIR; };
		B90799201E9D8E2D0008A12F /* GuestTableViewController.swift */ = {isa = PBXFileReference; fileEncoding = 4; lastKnownFileType = sourcecode.swift; path = GuestTableViewController.swift; sourceTree = "<group>"; };
		B90799261E9DAF9D0008A12F /* GMSMapViewController.swift */ = {isa = PBXFileReference; fileEncoding = 4; lastKnownFileType = sourcecode.swift; path = GMSMapViewController.swift; sourceTree = "<group>"; };
		B907992A1E9DD0E00008A12F /* SearchTableViewCell.swift */ = {isa = PBXFileReference; fileEncoding = 4; lastKnownFileType = sourcecode.swift; path = SearchTableViewCell.swift; sourceTree = "<group>"; };
		B9143A3A1E95BF860081D002 /* AddRideViewController.swift */ = {isa = PBXFileReference; fileEncoding = 4; lastKnownFileType = sourcecode.swift; path = AddRideViewController.swift; sourceTree = "<group>"; };
		B9143A3C1E95D8CF0081D002 /* SearchRidesViewController.swift */ = {isa = PBXFileReference; fileEncoding = 4; lastKnownFileType = sourcecode.swift; path = SearchRidesViewController.swift; sourceTree = "<group>"; };
		B9143A3E1E95F0E10081D002 /* SignUpViewController.swift */ = {isa = PBXFileReference; fileEncoding = 4; lastKnownFileType = sourcecode.swift; path = SignUpViewController.swift; sourceTree = "<group>"; };
		B918278E1E8DFF5500FFE83E /* FeedTableViewController.swift */ = {isa = PBXFileReference; fileEncoding = 4; lastKnownFileType = sourcecode.swift; path = FeedTableViewController.swift; sourceTree = "<group>"; };
		B91FF28C1E8DD8C700A7E766 /* LoginViewController.swift */ = {isa = PBXFileReference; fileEncoding = 4; lastKnownFileType = sourcecode.swift; path = LoginViewController.swift; sourceTree = "<group>"; };
		B92989EC1E8DCA9800CF8287 /* Hitchhikers.app */ = {isa = PBXFileReference; explicitFileType = wrapper.application; includeInIndex = 0; path = Hitchhikers.app; sourceTree = BUILT_PRODUCTS_DIR; };
		B92989EF1E8DCA9800CF8287 /* AppDelegate.swift */ = {isa = PBXFileReference; lastKnownFileType = sourcecode.swift; path = AppDelegate.swift; sourceTree = "<group>"; };
		B92989F11E8DCA9800CF8287 /* ViewController.swift */ = {isa = PBXFileReference; lastKnownFileType = sourcecode.swift; path = ViewController.swift; sourceTree = "<group>"; };
		B92989F41E8DCA9800CF8287 /* Base */ = {isa = PBXFileReference; lastKnownFileType = file.storyboard; name = Base; path = Base.lproj/Main.storyboard; sourceTree = "<group>"; };
		B92989F71E8DCA9800CF8287 /* Hitchhikers.xcdatamodel */ = {isa = PBXFileReference; lastKnownFileType = wrapper.xcdatamodel; path = Hitchhikers.xcdatamodel; sourceTree = "<group>"; };
		B92989F91E8DCA9800CF8287 /* Assets.xcassets */ = {isa = PBXFileReference; lastKnownFileType = folder.assetcatalog; path = Assets.xcassets; sourceTree = "<group>"; };
		B92989FC1E8DCA9800CF8287 /* Base */ = {isa = PBXFileReference; lastKnownFileType = file.storyboard; name = Base; path = Base.lproj/LaunchScreen.storyboard; sourceTree = "<group>"; };
		B92989FE1E8DCA9800CF8287 /* Info.plist */ = {isa = PBXFileReference; lastKnownFileType = text.plist.xml; path = Info.plist; sourceTree = "<group>"; };
		B9298A031E8DCA9900CF8287 /* HitchhikersTests.xctest */ = {isa = PBXFileReference; explicitFileType = wrapper.cfbundle; includeInIndex = 0; path = HitchhikersTests.xctest; sourceTree = BUILT_PRODUCTS_DIR; };
		B9298A0E1E8DCA9900CF8287 /* HitchhikersUITests.xctest */ = {isa = PBXFileReference; explicitFileType = wrapper.cfbundle; includeInIndex = 0; path = HitchhikersUITests.xctest; sourceTree = BUILT_PRODUCTS_DIR; };
		B9298A121E8DCA9900CF8287 /* HitchhikersUITests.swift */ = {isa = PBXFileReference; lastKnownFileType = sourcecode.swift; path = HitchhikersUITests.swift; sourceTree = "<group>"; };
		B9298A141E8DCA9900CF8287 /* Info.plist */ = {isa = PBXFileReference; lastKnownFileType = text.plist.xml; path = Info.plist; sourceTree = "<group>"; };
		B970B7D81E97B5AB0084428A /* RideViewController.swift */ = {isa = PBXFileReference; fileEncoding = 4; lastKnownFileType = sourcecode.swift; path = RideViewController.swift; sourceTree = "<group>"; };
		B97B61861EA83E2A0099B103 /* 3_people.png */ = {isa = PBXFileReference; lastKnownFileType = image.png; path = 3_people.png; sourceTree = "<group>"; };
		B97B61881EA861A70099B103 /* mountain_icon.png */ = {isa = PBXFileReference; lastKnownFileType = image.png; name = mountain_icon.png; path = ../../../../Downloads/mountain_icon.png; sourceTree = "<group>"; };
		B9A0432C1EA8280C0075ABB8 /* add.png */ = {isa = PBXFileReference; lastKnownFileType = image.png; path = add.png; sourceTree = "<group>"; };
		B9A0432D1EA8280C0075ABB8 /* adventure_girl.png */ = {isa = PBXFileReference; lastKnownFileType = image.png; path = adventure_girl.png; sourceTree = "<group>"; };
		B9A0432E1EA8280C0075ABB8 /* building_small.png */ = {isa = PBXFileReference; lastKnownFileType = image.png; path = building_small.png; sourceTree = "<group>"; };
		B9A0432F1EA8280C0075ABB8 /* car.png */ = {isa = PBXFileReference; lastKnownFileType = image.png; path = car.png; sourceTree = "<group>"; };
		B9A043301EA8280C0075ABB8 /* compass.png */ = {isa = PBXFileReference; lastKnownFileType = image.png; path = compass.png; sourceTree = "<group>"; };
		B9A043311EA8280C0075ABB8 /* connect_spotify.png */ = {isa = PBXFileReference; lastKnownFileType = image.png; path = connect_spotify.png; sourceTree = "<group>"; };
		B9A043321EA8280C0075ABB8 /* contact_user.png */ = {isa = PBXFileReference; lastKnownFileType = image.png; path = contact_user.png; sourceTree = "<group>"; };
		B9A043331EA8280C0075ABB8 /* credit_card.png */ = {isa = PBXFileReference; lastKnownFileType = image.png; path = credit_card.png; sourceTree = "<group>"; };
		B9A043341EA8280C0075ABB8 /* crossroads.png */ = {isa = PBXFileReference; lastKnownFileType = image.png; path = crossroads.png; sourceTree = "<group>"; };
		B9A043351EA8280C0075ABB8 /* date.png */ = {isa = PBXFileReference; lastKnownFileType = image.png; path = date.png; sourceTree = "<group>"; };
		B9A043361EA8280C0075ABB8 /* delete_ride.png */ = {isa = PBXFileReference; lastKnownFileType = image.png; path = delete_ride.png; sourceTree = "<group>"; };
		B9A043371EA8280C0075ABB8 /* down_arrow.png */ = {isa = PBXFileReference; lastKnownFileType = image.png; path = down_arrow.png; sourceTree = "<group>"; };
		B9A043381EA8280C0075ABB8 /* dude_pic.png */ = {isa = PBXFileReference; lastKnownFileType = image.png; path = dude_pic.png; sourceTree = "<group>"; };
		B9A043391EA8280C0075ABB8 /* food.png */ = {isa = PBXFileReference; lastKnownFileType = image.png; path = food.png; sourceTree = "<group>"; };
		B9A0433A1EA8280C0075ABB8 /* girl_on_hill.png */ = {isa = PBXFileReference; lastKnownFileType = image.png; path = girl_on_hill.png; sourceTree = "<group>"; };
		B9A0433B1EA8280C0075ABB8 /* hamburger_menu.png */ = {isa = PBXFileReference; lastKnownFileType = image.png; path = hamburger_menu.png; sourceTree = "<group>"; };
		B9A0433C1EA8280C0075ABB8 /* ice_cream.png */ = {isa = PBXFileReference; lastKnownFileType = image.png; path = ice_cream.png; sourceTree = "<group>"; };
		B9A0433D1EA8280C0075ABB8 /* id.png */ = {isa = PBXFileReference; lastKnownFileType = image.png; path = id.png; sourceTree = "<group>"; };
		B9A0433E1EA8280C0075ABB8 /* jeffrey_miller.jpg */ = {isa = PBXFileReference; lastKnownFileType = image.jpeg; path = jeffrey_miller.jpg; sourceTree = "<group>"; };
		B9A0433F1EA8280C0075ABB8 /* JeffreyMiller.jpg */ = {isa = PBXFileReference; lastKnownFileType = image.jpeg; path = JeffreyMiller.jpg; sourceTree = "<group>"; };
		B9A043401EA8280C0075ABB8 /* join_ride.png */ = {isa = PBXFileReference; lastKnownFileType = image.png; path = join_ride.png; sourceTree = "<group>"; };
		B9A043411EA8280C0075ABB8 /* license.png */ = {isa = PBXFileReference; lastKnownFileType = image.png; path = license.png; sourceTree = "<group>"; };
		B9A043421EA8280C0075ABB8 /* login_fb.png */ = {isa = PBXFileReference; lastKnownFileType = image.png; path = login_fb.png; sourceTree = "<group>"; };
		B9A043431EA8280C0075ABB8 /* login_gplus.png */ = {isa = PBXFileReference; lastKnownFileType = image.png; path = login_gplus.png; sourceTree = "<group>"; };
		B9A043441EA8280C0075ABB8 /* login.png */ = {isa = PBXFileReference; lastKnownFileType = image.png; path = login.png; sourceTree = "<group>"; };
		B9A043451EA8280C0075ABB8 /* map_pin_big.png */ = {isa = PBXFileReference; lastKnownFileType = image.png; path = map_pin_big.png; sourceTree = "<group>"; };
		B9A043461EA8280C0075ABB8 /* map_pin_small.png */ = {isa = PBXFileReference; lastKnownFileType = image.png; path = map_pin_small.png; sourceTree = "<group>"; };
		B9A043481EA8280C0075ABB8 /* nice_car_trunk.png */ = {isa = PBXFileReference; lastKnownFileType = image.png; path = nice_car_trunk.png; sourceTree = "<group>"; };
		B9A043491EA8280C0075ABB8 /* search.png */ = {isa = PBXFileReference; lastKnownFileType = image.png; path = search.png; sourceTree = "<group>"; };
		B9A0434A1EA8280C0075ABB8 /* seat.png */ = {isa = PBXFileReference; lastKnownFileType = image.png; path = seat.png; sourceTree = "<group>"; };
		B9A0434B1EA8280C0075ABB8 /* snowy_mountains.png */ = {isa = PBXFileReference; lastKnownFileType = image.png; path = snowy_mountains.png; sourceTree = "<group>"; };
		B9A0434C1EA8280C0075ABB8 /* spotify_icon.png */ = {isa = PBXFileReference; lastKnownFileType = image.png; path = spotify_icon.png; sourceTree = "<group>"; };
		B9A0434D1EA8280C0075ABB8 /* submit_trip.png */ = {isa = PBXFileReference; lastKnownFileType = image.png; path = submit_trip.png; sourceTree = "<group>"; };
		B9A0434E1EA8280C0075ABB8 /* suitcase_icon.png */ = {isa = PBXFileReference; lastKnownFileType = image.png; path = suitcase_icon.png; sourceTree = "<group>"; };
		B9A0434F1EA8280C0075ABB8 /* ticket.png */ = {isa = PBXFileReference; lastKnownFileType = image.png; path = ticket.png; sourceTree = "<group>"; };
		B9A043501EA8280C0075ABB8 /* vertical_dots.png */ = {isa = PBXFileReference; lastKnownFileType = image.png; path = vertical_dots.png; sourceTree = "<group>"; };
		B9A043511EA8280C0075ABB8 /* welcome.png */ = {isa = PBXFileReference; lastKnownFileType = image.png; path = welcome.png; sourceTree = "<group>"; };
		B9A043521EA8280C0075ABB8 /* world.png */ = {isa = PBXFileReference; lastKnownFileType = image.png; path = world.png; sourceTree = "<group>"; };
		B9C349F11E9716F6008B85CC /* FeedTableViewCell.swift */ = {isa = PBXFileReference; fileEncoding = 4; lastKnownFileType = sourcecode.swift; path = FeedTableViewCell.swift; sourceTree = "<group>"; };
		BED6C55008737DF9FE444FFA /* Pods-HitchhikersUITests.debug.xcconfig */ = {isa = PBXFileReference; includeInIndex = 1; lastKnownFileType = text.xcconfig; name = "Pods-HitchhikersUITests.debug.xcconfig"; path = "Pods/Target Support Files/Pods-HitchhikersUITests/Pods-HitchhikersUITests.debug.xcconfig"; sourceTree = "<group>"; };
/* End PBXFileReference section */

/* Begin PBXFrameworksBuildPhase section */
		B92989E91E8DCA9800CF8287 /* Frameworks */ = {
			isa = PBXFrameworksBuildPhase;
			buildActionMask = 2147483647;
			files = (
				3F959DC2A77D48CD9C01830D /* Pods_Hitchhikers.framework in Frameworks */,
			);
			runOnlyForDeploymentPostprocessing = 0;
		};
		B9298A001E8DCA9900CF8287 /* Frameworks */ = {
			isa = PBXFrameworksBuildPhase;
			buildActionMask = 2147483647;
			files = (
				7755C0185E6452AFD2C8710A /* Pods_HitchhikersTests.framework in Frameworks */,
			);
			runOnlyForDeploymentPostprocessing = 0;
		};
		B9298A0B1E8DCA9900CF8287 /* Frameworks */ = {
			isa = PBXFrameworksBuildPhase;
			buildActionMask = 2147483647;
			files = (
				C0811622FEB689CEC8F6A796 /* Pods_HitchhikersUITests.framework in Frameworks */,
			);
			runOnlyForDeploymentPostprocessing = 0;
		};
/* End PBXFrameworksBuildPhase section */

/* Begin PBXGroup section */
		40EF58BBFE7746318610E656 /* Frameworks */ = {
			isa = PBXGroup;
			children = (
				1892EB6D4B294B6253EBBFDD /* Pods_Hitchhikers.framework */,
				469962EC67B5D23BCE188CD4 /* Pods_HitchhikersTests.framework */,
				95EECFE92C501098AAB66E61 /* Pods_HitchhikersUITests.framework */,
			);
			name = Frameworks;
			sourceTree = "<group>";
		};
		50686AA10A46B5CD747C4353 /* Pods */ = {
			isa = PBXGroup;
			children = (
				30EABE6987A56A6969E73E96 /* Pods-Hitchhikers.debug.xcconfig */,
				92C0871AD102DBC05FE09FFE /* Pods-Hitchhikers.release.xcconfig */,
				87317CEC1E2AD2F8D06FA52F /* Pods-HitchhikersTests.debug.xcconfig */,
				0B20C2CE7461E8A91A41C4D4 /* Pods-HitchhikersTests.release.xcconfig */,
				BED6C55008737DF9FE444FFA /* Pods-HitchhikersUITests.debug.xcconfig */,
				7DC22BC6AC1F3DFAF594E519 /* Pods-HitchhikersUITests.release.xcconfig */,
			);
			name = Pods;
			sourceTree = "<group>";
		};
		B91FF28E1E8DD93B00A7E766 /* img */ = {
			isa = PBXGroup;
			children = (
				B97B61881EA861A70099B103 /* mountain_icon.png */,
				B97B61861EA83E2A0099B103 /* 3_people.png */,
				B9A0432C1EA8280C0075ABB8 /* add.png */,
				B9A0432D1EA8280C0075ABB8 /* adventure_girl.png */,
				B9A0432E1EA8280C0075ABB8 /* building_small.png */,
				B9A0432F1EA8280C0075ABB8 /* car.png */,
				B9A043301EA8280C0075ABB8 /* compass.png */,
				B9A043311EA8280C0075ABB8 /* connect_spotify.png */,
				B9A043321EA8280C0075ABB8 /* contact_user.png */,
				B9A043331EA8280C0075ABB8 /* credit_card.png */,
				B9A043341EA8280C0075ABB8 /* crossroads.png */,
				B9A043351EA8280C0075ABB8 /* date.png */,
				B9A043361EA8280C0075ABB8 /* delete_ride.png */,
				B9A043371EA8280C0075ABB8 /* down_arrow.png */,
				B9A043381EA8280C0075ABB8 /* dude_pic.png */,
				B9A043391EA8280C0075ABB8 /* food.png */,
				B9A0433A1EA8280C0075ABB8 /* girl_on_hill.png */,
				B9A0433B1EA8280C0075ABB8 /* hamburger_menu.png */,
				B9A0433C1EA8280C0075ABB8 /* ice_cream.png */,
				B9A0433D1EA8280C0075ABB8 /* id.png */,
				B9A0433E1EA8280C0075ABB8 /* jeffrey_miller.jpg */,
				B9A0433F1EA8280C0075ABB8 /* JeffreyMiller.jpg */,
				B9A043401EA8280C0075ABB8 /* join_ride.png */,
				B9A043411EA8280C0075ABB8 /* license.png */,
				B9A043421EA8280C0075ABB8 /* login_fb.png */,
				B9A043431EA8280C0075ABB8 /* login_gplus.png */,
				B9A043441EA8280C0075ABB8 /* login.png */,
				B9A043451EA8280C0075ABB8 /* map_pin_big.png */,
				B9A043461EA8280C0075ABB8 /* map_pin_small.png */,
				B9A043481EA8280C0075ABB8 /* nice_car_trunk.png */,
				B9A043491EA8280C0075ABB8 /* search.png */,
				B9A0434A1EA8280C0075ABB8 /* seat.png */,
				B9A0434B1EA8280C0075ABB8 /* snowy_mountains.png */,
				B9A0434C1EA8280C0075ABB8 /* spotify_icon.png */,
				B9A0434D1EA8280C0075ABB8 /* submit_trip.png */,
				B9A0434E1EA8280C0075ABB8 /* suitcase_icon.png */,
				B9A0434F1EA8280C0075ABB8 /* ticket.png */,
				B9A043501EA8280C0075ABB8 /* vertical_dots.png */,
				B9A043511EA8280C0075ABB8 /* welcome.png */,
				B9A043521EA8280C0075ABB8 /* world.png */,
			);
			name = img;
			sourceTree = "<group>";
		};
		B92989E31E8DCA9800CF8287 = {
			isa = PBXGroup;
			children = (
				B92989EE1E8DCA9800CF8287 /* Hitchhikers */,
				B9298A111E8DCA9900CF8287 /* HitchhikersUITests */,
				B92989ED1E8DCA9800CF8287 /* Products */,
				50686AA10A46B5CD747C4353 /* Pods */,
				40EF58BBFE7746318610E656 /* Frameworks */,
			);
			sourceTree = "<group>";
		};
		B92989ED1E8DCA9800CF8287 /* Products */ = {
			isa = PBXGroup;
			children = (
				B92989EC1E8DCA9800CF8287 /* Hitchhikers.app */,
				B9298A031E8DCA9900CF8287 /* HitchhikersTests.xctest */,
				B9298A0E1E8DCA9900CF8287 /* HitchhikersUITests.xctest */,
			);
			name = Products;
			sourceTree = "<group>";
		};
		B92989EE1E8DCA9800CF8287 /* Hitchhikers */ = {
			isa = PBXGroup;
			children = (
				B91FF28E1E8DD93B00A7E766 /* img */,
				B92989EF1E8DCA9800CF8287 /* AppDelegate.swift */,
				117EAC601E8DD9FE008BEE42 /* Client.swift */,
				B92989F11E8DCA9800CF8287 /* ViewController.swift */,
				B92989F31E8DCA9800CF8287 /* Main.storyboard */,
				B90799261E9DAF9D0008A12F /* GMSMapViewController.swift */,
				B970B7D81E97B5AB0084428A /* RideViewController.swift */,
				B9143A3E1E95F0E10081D002 /* SignUpViewController.swift */,
				B92989F91E8DCA9800CF8287 /* Assets.xcassets */,
				B92989FB1E8DCA9800CF8287 /* LaunchScreen.storyboard */,
				B92989FE1E8DCA9800CF8287 /* Info.plist */,
				B92989F61E8DCA9800CF8287 /* Hitchhikers.xcdatamodeld */,
				B91FF28C1E8DD8C700A7E766 /* LoginViewController.swift */,
				11BF999B1E94ED6F000E393C /* BaseTableViewCell.swift */,
				B918278E1E8DFF5500FFE83E /* FeedTableViewController.swift */,
				B90799201E9D8E2D0008A12F /* GuestTableViewController.swift */,
				11BF99911E94E810000E393C /* MenuViewController.swift */,
				11BF99951E94E8F2000E393C /* UIViewController.swift */,
				11BF99971E94E981000E393C /* SlideController.swift */,
				11BF99991E94E9AB000E393C /* ProfileViewController.swift */,
				B9143A3A1E95BF860081D002 /* AddRideViewController.swift */,
				B9143A3C1E95D8CF0081D002 /* SearchRidesViewController.swift */,
				B9C349F11E9716F6008B85CC /* FeedTableViewCell.swift */,
				117B48171E9CD3CC00B0799C /* ProfileTableViewController.swift */,
				B907992A1E9DD0E00008A12F /* SearchTableViewCell.swift */,
			);
			path = Hitchhikers;
			sourceTree = "<group>";
		};
		B9298A111E8DCA9900CF8287 /* HitchhikersUITests */ = {
			isa = PBXGroup;
			children = (
				B9298A121E8DCA9900CF8287 /* HitchhikersUITests.swift */,
				B9298A141E8DCA9900CF8287 /* Info.plist */,
			);
			path = HitchhikersUITests;
			sourceTree = "<group>";
		};
/* End PBXGroup section */

/* Begin PBXNativeTarget section */
		B92989EB1E8DCA9800CF8287 /* Hitchhikers */ = {
			isa = PBXNativeTarget;
			buildConfigurationList = B9298A171E8DCA9900CF8287 /* Build configuration list for PBXNativeTarget "Hitchhikers" */;
			buildPhases = (
				5F3A40CF0CA8C55A16B6CCC2 /* [CP] Check Pods Manifest.lock */,
				B92989E81E8DCA9800CF8287 /* Sources */,
				B92989E91E8DCA9800CF8287 /* Frameworks */,
				B92989EA1E8DCA9800CF8287 /* Resources */,
				5865FC405D4C7D48B7676192 /* [CP] Embed Pods Frameworks */,
				5182E867C3FDEA758DDF856F /* [CP] Copy Pods Resources */,
			);
			buildRules = (
			);
			dependencies = (
			);
			name = Hitchhikers;
			productName = Hitchhikers;
			productReference = B92989EC1E8DCA9800CF8287 /* Hitchhikers.app */;
			productType = "com.apple.product-type.application";
		};
		B9298A021E8DCA9900CF8287 /* HitchhikersTests */ = {
			isa = PBXNativeTarget;
			buildConfigurationList = B9298A1A1E8DCA9900CF8287 /* Build configuration list for PBXNativeTarget "HitchhikersTests" */;
			buildPhases = (
				C25E8E6781E16962C45CCED6 /* [CP] Check Pods Manifest.lock */,
				B92989FF1E8DCA9900CF8287 /* Sources */,
				B9298A001E8DCA9900CF8287 /* Frameworks */,
				B9298A011E8DCA9900CF8287 /* Resources */,
				DFAB2973A259E8C032E1BB4B /* [CP] Embed Pods Frameworks */,
				371202481C86583290182EE7 /* [CP] Copy Pods Resources */,
			);
			buildRules = (
			);
			dependencies = (
				B9298A051E8DCA9900CF8287 /* PBXTargetDependency */,
			);
			name = HitchhikersTests;
			productName = HitchhikersTests;
			productReference = B9298A031E8DCA9900CF8287 /* HitchhikersTests.xctest */;
			productType = "com.apple.product-type.bundle.unit-test";
		};
		B9298A0D1E8DCA9900CF8287 /* HitchhikersUITests */ = {
			isa = PBXNativeTarget;
			buildConfigurationList = B9298A1D1E8DCA9900CF8287 /* Build configuration list for PBXNativeTarget "HitchhikersUITests" */;
			buildPhases = (
				2F3D5BA17A69FC8A74B97995 /* [CP] Check Pods Manifest.lock */,
				B9298A0A1E8DCA9900CF8287 /* Sources */,
				B9298A0B1E8DCA9900CF8287 /* Frameworks */,
				B9298A0C1E8DCA9900CF8287 /* Resources */,
				FB1446B42F42F54B2A97650D /* [CP] Embed Pods Frameworks */,
				700143E04A1DDAD969D00146 /* [CP] Copy Pods Resources */,
			);
			buildRules = (
			);
			dependencies = (
				B9298A101E8DCA9900CF8287 /* PBXTargetDependency */,
			);
			name = HitchhikersUITests;
			productName = HitchhikersUITests;
			productReference = B9298A0E1E8DCA9900CF8287 /* HitchhikersUITests.xctest */;
			productType = "com.apple.product-type.bundle.ui-testing";
		};
/* End PBXNativeTarget section */

/* Begin PBXProject section */
		B92989E41E8DCA9800CF8287 /* Project object */ = {
			isa = PBXProject;
			attributes = {
				LastSwiftUpdateCheck = 0830;
				LastUpgradeCheck = 0830;
				ORGANIZATIONNAME = "William Z Wang";
				TargetAttributes = {
					B92989EB1E8DCA9800CF8287 = {
						CreatedOnToolsVersion = 8.3;
						DevelopmentTeam = CKF73J7D4M;
						LastSwiftMigration = 0830;
						ProvisioningStyle = Automatic;
					};
					B9298A021E8DCA9900CF8287 = {
						CreatedOnToolsVersion = 8.3;
						LastSwiftMigration = 0830;
						ProvisioningStyle = Automatic;
						TestTargetID = B92989EB1E8DCA9800CF8287;
					};
					B9298A0D1E8DCA9900CF8287 = {
						CreatedOnToolsVersion = 8.3;
						LastSwiftMigration = 0830;
						ProvisioningStyle = Automatic;
						TestTargetID = B92989EB1E8DCA9800CF8287;
					};
				};
			};
			buildConfigurationList = B92989E71E8DCA9800CF8287 /* Build configuration list for PBXProject "Hitchhikers" */;
			compatibilityVersion = "Xcode 3.2";
			developmentRegion = English;
			hasScannedForEncodings = 0;
			knownRegions = (
				en,
				Base,
			);
			mainGroup = B92989E31E8DCA9800CF8287;
			productRefGroup = B92989ED1E8DCA9800CF8287 /* Products */;
			projectDirPath = "";
			projectRoot = "";
			targets = (
				B92989EB1E8DCA9800CF8287 /* Hitchhikers */,
				B9298A021E8DCA9900CF8287 /* HitchhikersTests */,
				B9298A0D1E8DCA9900CF8287 /* HitchhikersUITests */,
			);
		};
/* End PBXProject section */

/* Begin PBXResourcesBuildPhase section */
		B92989EA1E8DCA9800CF8287 /* Resources */ = {
			isa = PBXResourcesBuildPhase;
			buildActionMask = 2147483647;
			files = (
				B9A043751EA8280C0075ABB8 /* submit_trip.png in Resources */,
				B9A043651EA8280C0075ABB8 /* id.png in Resources */,
				B9A0435E1EA8280C0075ABB8 /* delete_ride.png in Resources */,
				B9A043571EA8280C0075ABB8 /* car.png in Resources */,
				B9A043711EA8280C0075ABB8 /* search.png in Resources */,
				B9A043661EA8280C0075ABB8 /* jeffrey_miller.jpg in Resources */,
				B9A043601EA8280C0075ABB8 /* dude_pic.png in Resources */,
				B9A043561EA8280C0075ABB8 /* building_small.png in Resources */,
				B9A043641EA8280C0075ABB8 /* ice_cream.png in Resources */,
				B9A043771EA8280C0075ABB8 /* ticket.png in Resources */,
				B9A0435F1EA8280C0075ABB8 /* down_arrow.png in Resources */,
				B9A0436A1EA8280C0075ABB8 /* login_fb.png in Resources */,
				B9A043671EA8280C0075ABB8 /* JeffreyMiller.jpg in Resources */,
				B9A0435B1EA8280C0075ABB8 /* credit_card.png in Resources */,
				B9A0436E1EA8280C0075ABB8 /* map_pin_small.png in Resources */,
				B97B61871EA83E2A0099B103 /* 3_people.png in Resources */,
				B9A043551EA8280C0075ABB8 /* adventure_girl.png in Resources */,
				B92989FD1E8DCA9800CF8287 /* LaunchScreen.storyboard in Resources */,
				B9A043761EA8280C0075ABB8 /* suitcase_icon.png in Resources */,
				B92989FA1E8DCA9800CF8287 /* Assets.xcassets in Resources */,
				B9A043541EA8280C0075ABB8 /* add.png in Resources */,
				B9A043611EA8280C0075ABB8 /* food.png in Resources */,
				B9A0436B1EA8280C0075ABB8 /* login_gplus.png in Resources */,
				B9A043741EA8280C0075ABB8 /* spotify_icon.png in Resources */,
				B9A0435C1EA8280C0075ABB8 /* crossroads.png in Resources */,
				B9A043701EA8280C0075ABB8 /* nice_car_trunk.png in Resources */,
				B9A0436D1EA8280C0075ABB8 /* map_pin_big.png in Resources */,
				B9A043731EA8280C0075ABB8 /* snowy_mountains.png in Resources */,
				B9A043691EA8280C0075ABB8 /* license.png in Resources */,
				B9A0435A1EA8280C0075ABB8 /* contact_user.png in Resources */,
				B97B61891EA861A70099B103 /* mountain_icon.png in Resources */,
				B9A043781EA8280C0075ABB8 /* vertical_dots.png in Resources */,
				B9A043581EA8280C0075ABB8 /* compass.png in Resources */,
				B9A043621EA8280C0075ABB8 /* girl_on_hill.png in Resources */,
				B9A0435D1EA8280C0075ABB8 /* date.png in Resources */,
				B9A0436C1EA8280C0075ABB8 /* login.png in Resources */,
				B9A043791EA8280C0075ABB8 /* welcome.png in Resources */,
				B92989F51E8DCA9800CF8287 /* Main.storyboard in Resources */,
				B9A043721EA8280C0075ABB8 /* seat.png in Resources */,
				B9A043681EA8280C0075ABB8 /* join_ride.png in Resources */,
				B9A043631EA8280C0075ABB8 /* hamburger_menu.png in Resources */,
				B9A0437A1EA8280C0075ABB8 /* world.png in Resources */,
				B9A043591EA8280C0075ABB8 /* connect_spotify.png in Resources */,
			);
			runOnlyForDeploymentPostprocessing = 0;
		};
		B9298A011E8DCA9900CF8287 /* Resources */ = {
			isa = PBXResourcesBuildPhase;
			buildActionMask = 2147483647;
			files = (
			);
			runOnlyForDeploymentPostprocessing = 0;
		};
		B9298A0C1E8DCA9900CF8287 /* Resources */ = {
			isa = PBXResourcesBuildPhase;
			buildActionMask = 2147483647;
			files = (
			);
			runOnlyForDeploymentPostprocessing = 0;
		};
/* End PBXResourcesBuildPhase section */

/* Begin PBXShellScriptBuildPhase section */
		2F3D5BA17A69FC8A74B97995 /* [CP] Check Pods Manifest.lock */ = {
			isa = PBXShellScriptBuildPhase;
			buildActionMask = 2147483647;
			files = (
			);
			inputPaths = (
			);
			name = "[CP] Check Pods Manifest.lock";
			outputPaths = (
			);
			runOnlyForDeploymentPostprocessing = 0;
			shellPath = /bin/sh;
			shellScript = "diff \"${PODS_ROOT}/../Podfile.lock\" \"${PODS_ROOT}/Manifest.lock\" > /dev/null\nif [ $? != 0 ] ; then\n    # print error to STDERR\n    echo \"error: The sandbox is not in sync with the Podfile.lock. Run 'pod install' or update your CocoaPods installation.\" >&2\n    exit 1\nfi\n";
			showEnvVarsInLog = 0;
		};
		371202481C86583290182EE7 /* [CP] Copy Pods Resources */ = {
			isa = PBXShellScriptBuildPhase;
			buildActionMask = 2147483647;
			files = (
			);
			inputPaths = (
			);
			name = "[CP] Copy Pods Resources";
			outputPaths = (
			);
			runOnlyForDeploymentPostprocessing = 0;
			shellPath = /bin/sh;
			shellScript = "\"${SRCROOT}/Pods/Target Support Files/Pods-HitchhikersTests/Pods-HitchhikersTests-resources.sh\"\n";
			showEnvVarsInLog = 0;
		};
		5182E867C3FDEA758DDF856F /* [CP] Copy Pods Resources */ = {
			isa = PBXShellScriptBuildPhase;
			buildActionMask = 2147483647;
			files = (
			);
			inputPaths = (
			);
			name = "[CP] Copy Pods Resources";
			outputPaths = (
			);
			runOnlyForDeploymentPostprocessing = 0;
			shellPath = /bin/sh;
			shellScript = "\"${SRCROOT}/Pods/Target Support Files/Pods-Hitchhikers/Pods-Hitchhikers-resources.sh\"\n";
			showEnvVarsInLog = 0;
		};
		5865FC405D4C7D48B7676192 /* [CP] Embed Pods Frameworks */ = {
			isa = PBXShellScriptBuildPhase;
			buildActionMask = 2147483647;
			files = (
			);
			inputPaths = (
			);
			name = "[CP] Embed Pods Frameworks";
			outputPaths = (
			);
			runOnlyForDeploymentPostprocessing = 0;
			shellPath = /bin/sh;
			shellScript = "\"${SRCROOT}/Pods/Target Support Files/Pods-Hitchhikers/Pods-Hitchhikers-frameworks.sh\"\n";
			showEnvVarsInLog = 0;
		};
		5F3A40CF0CA8C55A16B6CCC2 /* [CP] Check Pods Manifest.lock */ = {
			isa = PBXShellScriptBuildPhase;
			buildActionMask = 2147483647;
			files = (
			);
			inputPaths = (
			);
			name = "[CP] Check Pods Manifest.lock";
			outputPaths = (
			);
			runOnlyForDeploymentPostprocessing = 0;
			shellPath = /bin/sh;
			shellScript = "diff \"${PODS_ROOT}/../Podfile.lock\" \"${PODS_ROOT}/Manifest.lock\" > /dev/null\nif [ $? != 0 ] ; then\n    # print error to STDERR\n    echo \"error: The sandbox is not in sync with the Podfile.lock. Run 'pod install' or update your CocoaPods installation.\" >&2\n    exit 1\nfi\n";
			showEnvVarsInLog = 0;
		};
		700143E04A1DDAD969D00146 /* [CP] Copy Pods Resources */ = {
			isa = PBXShellScriptBuildPhase;
			buildActionMask = 2147483647;
			files = (
			);
			inputPaths = (
			);
			name = "[CP] Copy Pods Resources";
			outputPaths = (
			);
			runOnlyForDeploymentPostprocessing = 0;
			shellPath = /bin/sh;
			shellScript = "\"${SRCROOT}/Pods/Target Support Files/Pods-HitchhikersUITests/Pods-HitchhikersUITests-resources.sh\"\n";
			showEnvVarsInLog = 0;
		};
		C25E8E6781E16962C45CCED6 /* [CP] Check Pods Manifest.lock */ = {
			isa = PBXShellScriptBuildPhase;
			buildActionMask = 2147483647;
			files = (
			);
			inputPaths = (
			);
			name = "[CP] Check Pods Manifest.lock";
			outputPaths = (
			);
			runOnlyForDeploymentPostprocessing = 0;
			shellPath = /bin/sh;
			shellScript = "diff \"${PODS_ROOT}/../Podfile.lock\" \"${PODS_ROOT}/Manifest.lock\" > /dev/null\nif [ $? != 0 ] ; then\n    # print error to STDERR\n    echo \"error: The sandbox is not in sync with the Podfile.lock. Run 'pod install' or update your CocoaPods installation.\" >&2\n    exit 1\nfi\n";
			showEnvVarsInLog = 0;
		};
		DFAB2973A259E8C032E1BB4B /* [CP] Embed Pods Frameworks */ = {
			isa = PBXShellScriptBuildPhase;
			buildActionMask = 2147483647;
			files = (
			);
			inputPaths = (
			);
			name = "[CP] Embed Pods Frameworks";
			outputPaths = (
			);
			runOnlyForDeploymentPostprocessing = 0;
			shellPath = /bin/sh;
			shellScript = "\"${SRCROOT}/Pods/Target Support Files/Pods-HitchhikersTests/Pods-HitchhikersTests-frameworks.sh\"\n";
			showEnvVarsInLog = 0;
		};
		FB1446B42F42F54B2A97650D /* [CP] Embed Pods Frameworks */ = {
			isa = PBXShellScriptBuildPhase;
			buildActionMask = 2147483647;
			files = (
			);
			inputPaths = (
			);
			name = "[CP] Embed Pods Frameworks";
			outputPaths = (
			);
			runOnlyForDeploymentPostprocessing = 0;
			shellPath = /bin/sh;
			shellScript = "\"${SRCROOT}/Pods/Target Support Files/Pods-HitchhikersUITests/Pods-HitchhikersUITests-frameworks.sh\"\n";
			showEnvVarsInLog = 0;
		};
/* End PBXShellScriptBuildPhase section */

/* Begin PBXSourcesBuildPhase section */
		B92989E81E8DCA9800CF8287 /* Sources */ = {
			isa = PBXSourcesBuildPhase;
			buildActionMask = 2147483647;
			files = (
				B91FF28D1E8DD8C700A7E766 /* LoginViewController.swift in Sources */,
				B90799271E9DAF9D0008A12F /* GMSMapViewController.swift in Sources */,
				B9143A3D1E95D8CF0081D002 /* SearchRidesViewController.swift in Sources */,
				B918278F1E8DFF5500FFE83E /* FeedTableViewController.swift in Sources */,
				B9143A3B1E95BF860081D002 /* AddRideViewController.swift in Sources */,
				11BF999A1E94E9AB000E393C /* ProfileViewController.swift in Sources */,
				B92989F21E8DCA9800CF8287 /* ViewController.swift in Sources */,
				B970B7D91E97B5AB0084428A /* RideViewController.swift in Sources */,
				117B48181E9CD3CC00B0799C /* ProfileTableViewController.swift in Sources */,
				B907992B1E9DD0E00008A12F /* SearchTableViewCell.swift in Sources */,
				11BF99921E94E810000E393C /* MenuViewController.swift in Sources */,
				11BF999C1E94ED6F000E393C /* BaseTableViewCell.swift in Sources */,
				B90799211E9D8E2D0008A12F /* GuestTableViewController.swift in Sources */,
				B9143A3F1E95F0E10081D002 /* SignUpViewController.swift in Sources */,
				B92989F81E8DCA9800CF8287 /* Hitchhikers.xcdatamodeld in Sources */,
				B9C349F21E9716F6008B85CC /* FeedTableViewCell.swift in Sources */,
				117EAC611E8DD9FE008BEE42 /* Client.swift in Sources */,
				11BF99961E94E8F2000E393C /* UIViewController.swift in Sources */,
				11BF99981E94E981000E393C /* SlideController.swift in Sources */,
				B92989F01E8DCA9800CF8287 /* AppDelegate.swift in Sources */,
			);
			runOnlyForDeploymentPostprocessing = 0;
		};
		B92989FF1E8DCA9900CF8287 /* Sources */ = {
			isa = PBXSourcesBuildPhase;
			buildActionMask = 2147483647;
			files = (
			);
			runOnlyForDeploymentPostprocessing = 0;
		};
		B9298A0A1E8DCA9900CF8287 /* Sources */ = {
			isa = PBXSourcesBuildPhase;
			buildActionMask = 2147483647;
			files = (
				B9298A131E8DCA9900CF8287 /* HitchhikersUITests.swift in Sources */,
			);
			runOnlyForDeploymentPostprocessing = 0;
		};
/* End PBXSourcesBuildPhase section */

/* Begin PBXTargetDependency section */
		B9298A051E8DCA9900CF8287 /* PBXTargetDependency */ = {
			isa = PBXTargetDependency;
			target = B92989EB1E8DCA9800CF8287 /* Hitchhikers */;
			targetProxy = B9298A041E8DCA9900CF8287 /* PBXContainerItemProxy */;
		};
		B9298A101E8DCA9900CF8287 /* PBXTargetDependency */ = {
			isa = PBXTargetDependency;
			target = B92989EB1E8DCA9800CF8287 /* Hitchhikers */;
			targetProxy = B9298A0F1E8DCA9900CF8287 /* PBXContainerItemProxy */;
		};
/* End PBXTargetDependency section */

/* Begin PBXVariantGroup section */
		B92989F31E8DCA9800CF8287 /* Main.storyboard */ = {
			isa = PBXVariantGroup;
			children = (
				B92989F41E8DCA9800CF8287 /* Base */,
			);
			name = Main.storyboard;
			sourceTree = "<group>";
		};
		B92989FB1E8DCA9800CF8287 /* LaunchScreen.storyboard */ = {
			isa = PBXVariantGroup;
			children = (
				B92989FC1E8DCA9800CF8287 /* Base */,
			);
			name = LaunchScreen.storyboard;
			sourceTree = "<group>";
		};
/* End PBXVariantGroup section */

/* Begin XCBuildConfiguration section */
		B9298A151E8DCA9900CF8287 /* Debug */ = {
			isa = XCBuildConfiguration;
			buildSettings = {
				ALWAYS_SEARCH_USER_PATHS = NO;
				CLANG_ANALYZER_NONNULL = YES;
				CLANG_ANALYZER_NUMBER_OBJECT_CONVERSION = YES_AGGRESSIVE;
				CLANG_CXX_LANGUAGE_STANDARD = "gnu++0x";
				CLANG_CXX_LIBRARY = "libc++";
				CLANG_ENABLE_MODULES = YES;
				CLANG_ENABLE_OBJC_ARC = YES;
				CLANG_WARN_BOOL_CONVERSION = YES;
				CLANG_WARN_CONSTANT_CONVERSION = YES;
				CLANG_WARN_DIRECT_OBJC_ISA_USAGE = YES_ERROR;
				CLANG_WARN_DOCUMENTATION_COMMENTS = YES;
				CLANG_WARN_EMPTY_BODY = YES;
				CLANG_WARN_ENUM_CONVERSION = YES;
				CLANG_WARN_INFINITE_RECURSION = YES;
				CLANG_WARN_INT_CONVERSION = YES;
				CLANG_WARN_OBJC_ROOT_CLASS = YES_ERROR;
				CLANG_WARN_SUSPICIOUS_MOVE = YES;
				CLANG_WARN_UNREACHABLE_CODE = YES;
				CLANG_WARN__DUPLICATE_METHOD_MATCH = YES;
				"CODE_SIGN_IDENTITY[sdk=iphoneos*]" = "iPhone Developer";
				COPY_PHASE_STRIP = NO;
				DEBUG_INFORMATION_FORMAT = dwarf;
				ENABLE_STRICT_OBJC_MSGSEND = YES;
				ENABLE_TESTABILITY = YES;
				FRAMEWORK_SEARCH_PATHS = "$(SRCROOT)";
				GCC_C_LANGUAGE_STANDARD = gnu99;
				GCC_DYNAMIC_NO_PIC = NO;
				GCC_NO_COMMON_BLOCKS = YES;
				GCC_OPTIMIZATION_LEVEL = 0;
				GCC_PREPROCESSOR_DEFINITIONS = (
					"DEBUG=1",
					"$(inherited)",
				);
				GCC_WARN_64_TO_32_BIT_CONVERSION = YES;
				GCC_WARN_ABOUT_RETURN_TYPE = YES_ERROR;
				GCC_WARN_UNDECLARED_SELECTOR = YES;
				GCC_WARN_UNINITIALIZED_AUTOS = YES_AGGRESSIVE;
				GCC_WARN_UNUSED_FUNCTION = YES;
				GCC_WARN_UNUSED_VARIABLE = YES;
				IPHONEOS_DEPLOYMENT_TARGET = 10.0;
				MTL_ENABLE_DEBUG_INFO = YES;
				ONLY_ACTIVE_ARCH = YES;
				SDKROOT = iphoneos;
				SWIFT_ACTIVE_COMPILATION_CONDITIONS = DEBUG;
				SWIFT_OPTIMIZATION_LEVEL = "-Onone";
			};
			name = Debug;
		};
		B9298A161E8DCA9900CF8287 /* Release */ = {
			isa = XCBuildConfiguration;
			buildSettings = {
				ALWAYS_SEARCH_USER_PATHS = NO;
				CLANG_ANALYZER_NONNULL = YES;
				CLANG_ANALYZER_NUMBER_OBJECT_CONVERSION = YES_AGGRESSIVE;
				CLANG_CXX_LANGUAGE_STANDARD = "gnu++0x";
				CLANG_CXX_LIBRARY = "libc++";
				CLANG_ENABLE_MODULES = YES;
				CLANG_ENABLE_OBJC_ARC = YES;
				CLANG_WARN_BOOL_CONVERSION = YES;
				CLANG_WARN_CONSTANT_CONVERSION = YES;
				CLANG_WARN_DIRECT_OBJC_ISA_USAGE = YES_ERROR;
				CLANG_WARN_DOCUMENTATION_COMMENTS = YES;
				CLANG_WARN_EMPTY_BODY = YES;
				CLANG_WARN_ENUM_CONVERSION = YES;
				CLANG_WARN_INFINITE_RECURSION = YES;
				CLANG_WARN_INT_CONVERSION = YES;
				CLANG_WARN_OBJC_ROOT_CLASS = YES_ERROR;
				CLANG_WARN_SUSPICIOUS_MOVE = YES;
				CLANG_WARN_UNREACHABLE_CODE = YES;
				CLANG_WARN__DUPLICATE_METHOD_MATCH = YES;
				"CODE_SIGN_IDENTITY[sdk=iphoneos*]" = "iPhone Developer";
				COPY_PHASE_STRIP = NO;
				DEBUG_INFORMATION_FORMAT = "dwarf-with-dsym";
				ENABLE_NS_ASSERTIONS = NO;
				ENABLE_STRICT_OBJC_MSGSEND = YES;
				FRAMEWORK_SEARCH_PATHS = "$(SRCROOT)";
				GCC_C_LANGUAGE_STANDARD = gnu99;
				GCC_NO_COMMON_BLOCKS = YES;
				GCC_WARN_64_TO_32_BIT_CONVERSION = YES;
				GCC_WARN_ABOUT_RETURN_TYPE = YES_ERROR;
				GCC_WARN_UNDECLARED_SELECTOR = YES;
				GCC_WARN_UNINITIALIZED_AUTOS = YES_AGGRESSIVE;
				GCC_WARN_UNUSED_FUNCTION = YES;
				GCC_WARN_UNUSED_VARIABLE = YES;
				IPHONEOS_DEPLOYMENT_TARGET = 10.0;
				MTL_ENABLE_DEBUG_INFO = NO;
				SDKROOT = iphoneos;
				SWIFT_OPTIMIZATION_LEVEL = "-Owholemodule";
				VALIDATE_PRODUCT = YES;
			};
			name = Release;
		};
		B9298A181E8DCA9900CF8287 /* Debug */ = {
			isa = XCBuildConfiguration;
			baseConfigurationReference = 30EABE6987A56A6969E73E96 /* Pods-Hitchhikers.debug.xcconfig */;
			buildSettings = {
				ASSETCATALOG_COMPILER_APPICON_NAME = AppIcon;
				DEVELOPMENT_TEAM = CKF73J7D4M;
				INFOPLIST_FILE = Hitchhikers/Info.plist;
				IPHONEOS_DEPLOYMENT_TARGET = 10.0;
				LD_RUNPATH_SEARCH_PATHS = "$(inherited) @executable_path/Frameworks";
				PRODUCT_BUNDLE_IDENTIFIER = will.Hitchhikers;
				PRODUCT_NAME = "$(TARGET_NAME)";
				SWIFT_VERSION = 3.0;
			};
			name = Debug;
		};
		B9298A191E8DCA9900CF8287 /* Release */ = {
			isa = XCBuildConfiguration;
			baseConfigurationReference = 92C0871AD102DBC05FE09FFE /* Pods-Hitchhikers.release.xcconfig */;
			buildSettings = {
				ASSETCATALOG_COMPILER_APPICON_NAME = AppIcon;
				DEVELOPMENT_TEAM = CKF73J7D4M;
				INFOPLIST_FILE = Hitchhikers/Info.plist;
				IPHONEOS_DEPLOYMENT_TARGET = 10.0;
				LD_RUNPATH_SEARCH_PATHS = "$(inherited) @executable_path/Frameworks";
				PRODUCT_BUNDLE_IDENTIFIER = will.Hitchhikers;
				PRODUCT_NAME = "$(TARGET_NAME)";
				SWIFT_VERSION = 3.0;
			};
			name = Release;
		};
		B9298A1B1E8DCA9900CF8287 /* Debug */ = {
			isa = XCBuildConfiguration;
			baseConfigurationReference = 87317CEC1E2AD2F8D06FA52F /* Pods-HitchhikersTests.debug.xcconfig */;
			buildSettings = {
				ALWAYS_EMBED_SWIFT_STANDARD_LIBRARIES = YES;
				BUNDLE_LOADER = "$(TEST_HOST)";
				INFOPLIST_FILE = HitchhikersTests/Info.plist;
				LD_RUNPATH_SEARCH_PATHS = "$(inherited) @executable_path/Frameworks @loader_path/Frameworks";
				PRODUCT_BUNDLE_IDENTIFIER = usc.HitchhikersTests;
				PRODUCT_NAME = "$(TARGET_NAME)";
				SWIFT_VERSION = 3.0;
				TEST_HOST = "$(BUILT_PRODUCTS_DIR)/Hitchhikers.app/Hitchhikers";
			};
			name = Debug;
		};
		B9298A1C1E8DCA9900CF8287 /* Release */ = {
			isa = XCBuildConfiguration;
			baseConfigurationReference = 0B20C2CE7461E8A91A41C4D4 /* Pods-HitchhikersTests.release.xcconfig */;
			buildSettings = {
				ALWAYS_EMBED_SWIFT_STANDARD_LIBRARIES = YES;
				BUNDLE_LOADER = "$(TEST_HOST)";
				INFOPLIST_FILE = HitchhikersTests/Info.plist;
				LD_RUNPATH_SEARCH_PATHS = "$(inherited) @executable_path/Frameworks @loader_path/Frameworks";
				PRODUCT_BUNDLE_IDENTIFIER = usc.HitchhikersTests;
				PRODUCT_NAME = "$(TARGET_NAME)";
				SWIFT_VERSION = 3.0;
				TEST_HOST = "$(BUILT_PRODUCTS_DIR)/Hitchhikers.app/Hitchhikers";
			};
			name = Release;
		};
		B9298A1E1E8DCA9900CF8287 /* Debug */ = {
			isa = XCBuildConfiguration;
			baseConfigurationReference = BED6C55008737DF9FE444FFA /* Pods-HitchhikersUITests.debug.xcconfig */;
			buildSettings = {
				ALWAYS_EMBED_SWIFT_STANDARD_LIBRARIES = YES;
				INFOPLIST_FILE = HitchhikersUITests/Info.plist;
				LD_RUNPATH_SEARCH_PATHS = "$(inherited) @executable_path/Frameworks @loader_path/Frameworks";
				PRODUCT_BUNDLE_IDENTIFIER = usc.HitchhikersUITests;
				PRODUCT_NAME = "$(TARGET_NAME)";
				SWIFT_VERSION = 3.0;
				TEST_TARGET_NAME = Hitchhikers;
			};
			name = Debug;
		};
		B9298A1F1E8DCA9900CF8287 /* Release */ = {
			isa = XCBuildConfiguration;
			baseConfigurationReference = 7DC22BC6AC1F3DFAF594E519 /* Pods-HitchhikersUITests.release.xcconfig */;
			buildSettings = {
				ALWAYS_EMBED_SWIFT_STANDARD_LIBRARIES = YES;
				INFOPLIST_FILE = HitchhikersUITests/Info.plist;
				LD_RUNPATH_SEARCH_PATHS = "$(inherited) @executable_path/Frameworks @loader_path/Frameworks";
				PRODUCT_BUNDLE_IDENTIFIER = usc.HitchhikersUITests;
				PRODUCT_NAME = "$(TARGET_NAME)";
				SWIFT_VERSION = 3.0;
				TEST_TARGET_NAME = Hitchhikers;
			};
			name = Release;
		};
/* End XCBuildConfiguration section */

/* Begin XCConfigurationList section */
		B92989E71E8DCA9800CF8287 /* Build configuration list for PBXProject "Hitchhikers" */ = {
			isa = XCConfigurationList;
			buildConfigurations = (
				B9298A151E8DCA9900CF8287 /* Debug */,
				B9298A161E8DCA9900CF8287 /* Release */,
			);
			defaultConfigurationIsVisible = 0;
			defaultConfigurationName = Release;
		};
		B9298A171E8DCA9900CF8287 /* Build configuration list for PBXNativeTarget "Hitchhikers" */ = {
			isa = XCConfigurationList;
			buildConfigurations = (
				B9298A181E8DCA9900CF8287 /* Debug */,
				B9298A191E8DCA9900CF8287 /* Release */,
			);
			defaultConfigurationIsVisible = 0;
			defaultConfigurationName = Release;
		};
		B9298A1A1E8DCA9900CF8287 /* Build configuration list for PBXNativeTarget "HitchhikersTests" */ = {
			isa = XCConfigurationList;
			buildConfigurations = (
				B9298A1B1E8DCA9900CF8287 /* Debug */,
				B9298A1C1E8DCA9900CF8287 /* Release */,
			);
			defaultConfigurationIsVisible = 0;
			defaultConfigurationName = Release;
		};
		B9298A1D1E8DCA9900CF8287 /* Build configuration list for PBXNativeTarget "HitchhikersUITests" */ = {
			isa = XCConfigurationList;
			buildConfigurations = (
				B9298A1E1E8DCA9900CF8287 /* Debug */,
				B9298A1F1E8DCA9900CF8287 /* Release */,
			);
			defaultConfigurationIsVisible = 0;
			defaultConfigurationName = Release;
		};
/* End XCConfigurationList section */

/* Begin XCVersionGroup section */
		B92989F61E8DCA9800CF8287 /* Hitchhikers.xcdatamodeld */ = {
			isa = XCVersionGroup;
			children = (
				B92989F71E8DCA9800CF8287 /* Hitchhikers.xcdatamodel */,
			);
			currentVersion = B92989F71E8DCA9800CF8287 /* Hitchhikers.xcdatamodel */;
			path = Hitchhikers.xcdatamodeld;
			sourceTree = "<group>";
			versionGroupType = wrapper.xcdatamodel;
		};
/* End XCVersionGroup section */
	};
	rootObject = B92989E41E8DCA9800CF8287 /* Project object */;
}
