PODS:
  - GoogleMaps (2.2.0):
    - GoogleMaps/Maps (= 2.2.0)
  - GoogleMaps/Base (2.2.0)
  - GoogleMaps/Maps (2.2.0):
    - GoogleMaps/Base
  - GooglePlaces (2.2.0):
    - GoogleMaps/Base (= 2.2.0)
  - SlideMenuControllerSwift (3.0.1)
  - Starscream (2.0.3)
  - SwiftIconFont (2.6.0)

DEPENDENCIES:
  - GoogleMaps
  - GooglePlaces
  - SlideMenuControllerSwift
  - Starscream
  - SwiftIconFont

SPEC CHECKSUMS:
  GoogleMaps: 104c418d61ab8a05dff06ed0784c25ea9d37da45
  GooglePlaces: bca867d5e9da15384c794b945e4226848bc6e9d9
  SlideMenuControllerSwift: 9a163b16d54afab734add42858cba7ef7c307755
  Starscream: 3fdd5c277e57cca6b5c406d274e3f34a7c88f2ce
  SwiftIconFont: bbe1f32e1e16bac87dad8566afc80132cb8d072c

PODFILE CHECKSUM: 347114e2320234998c312a09eead11a4be0c86f6

COCOAPODS: 1.1.1
